// !$*UTF8*$!
{
	archiveVersion = 1;
	classes = {
	};
	objectVersion = 54;
	objects = {

/* Begin PBXBuildFile section */
		00E356F31AD99517003FC87E /* axiosTests.m in Sources */ = {isa = PBXBuildFile; fileRef = 00E356F21AD99517003FC87E /* axiosTests.m */; };
		0C80B921A6F3F58F76C31292 /* libPods-axios.a in Frameworks */ = {isa = PBXBuildFile; fileRef = 5DCACB8F33CDC322A6C60F78 /* libPods-axios.a */; };
		13B07FBC1A68108700A75B9A /* AppDelegate.mm in Sources */ = {isa = PBXBuildFile; fileRef = 13B07FB01A68108700A75B9A /* AppDelegate.mm */; };
		13B07FBF1A68108700A75B9A /* Images.xcassets in Resources */ = {isa = PBXBuildFile; fileRef = 13B07FB51A68108700A75B9A /* Images.xcassets */; };
		13B07FC11A68108700A75B9A /* main.m in Sources */ = {isa = PBXBuildFile; fileRef = 13B07FB71A68108700A75B9A /* main.m */; };
		7699B88040F8A987B510C191 /* libPods-axios-axiosTests.a in Frameworks */ = {isa = PBXBuildFile; fileRef = 19F6CBCC0A4E27FBF8BF4A61 /* libPods-axios-axiosTests.a */; };
		81AB9BB82411601600AC10FF /* LaunchScreen.storyboard in Resources */ = {isa = PBXBuildFile; fileRef = 81AB9BB72411601600AC10FF /* LaunchScreen.storyboard */; };
		4E8A133AF4AC4D08A57BF8ED /* AmaticSC-Bold.ttf in Resources */ = {isa = PBXBuildFile; fileRef = EFD455321A1F44B59626B718 /* AmaticSC-Bold.ttf */; };
		2C404750FF39495FAAEEE1E8 /* AmaticSC-Regular.ttf in Resources */ = {isa = PBXBuildFile; fileRef = 21AC84E3C83D4EF085A7B210 /* AmaticSC-Regular.ttf */; };
		2F79266AEC1C4726B86A07B0 /* AntDesign.ttf in Resources */ = {isa = PBXBuildFile; fileRef = A25C84C3939043578945CD40 /* AntDesign.ttf */; };
		85075A926B834614BD1085E6 /* ArchitectsDaughter-Regular.ttf in Resources */ = {isa = PBXBuildFile; fileRef = 2A8CECCD2F534CE596183760 /* ArchitectsDaughter-Regular.ttf */; };
		36D475E3B5C24A63A113603F /* AreYouSerious-Regular.ttf in Resources */ = {isa = PBXBuildFile; fileRef = 4F872C901C694D6184A070F8 /* AreYouSerious-Regular.ttf */; };
		7694E874904D41099555E616 /* BonheurRoyale-Regular.ttf in Resources */ = {isa = PBXBuildFile; fileRef = 37ABF57DC3DB4F8EB1FD983B /* BonheurRoyale-Regular.ttf */; };
		A5A07A29EB054F7395845DC5 /* Dosis-VariableFont_wght.ttf in Resources */ = {isa = PBXBuildFile; fileRef = 1AE714B7DBFE4BF597E71CFE /* Dosis-VariableFont_wght.ttf */; };
		03A180CF96004675BB5D4E47 /* Entypo.ttf in Resources */ = {isa = PBXBuildFile; fileRef = D0A7E28BEFE3490B89787920 /* Entypo.ttf */; };
		8EF8DB3232B744A0BA91D2F2 /* EvilIcons.ttf in Resources */ = {isa = PBXBuildFile; fileRef = 023CDE14711249D690D11527 /* EvilIcons.ttf */; };
		FF5D9C2426D0408E9FB13A4E /* Feather.ttf in Resources */ = {isa = PBXBuildFile; fileRef = 2D5B47D9C4F54715A6CEDE03 /* Feather.ttf */; };
		C36B9D4EA54545B0964C802E /* FontAwesome.ttf in Resources */ = {isa = PBXBuildFile; fileRef = A933E92F77004717B3274AB7 /* FontAwesome.ttf */; };
		D8C90B46940D444F8D1CAD9C /* FontAwesome5_Brands.ttf in Resources */ = {isa = PBXBuildFile; fileRef = 3C3F91EB0C66469D9A5AA3D7 /* FontAwesome5_Brands.ttf */; };
		AEC4DC9A96CF40D088B861C7 /* FontAwesome5_Regular.ttf in Resources */ = {isa = PBXBuildFile; fileRef = 8939FC13044F4B4CBF98A9F9 /* FontAwesome5_Regular.ttf */; };
		16CC127B1C744875822FC0CF /* FontAwesome5_Solid.ttf in Resources */ = {isa = PBXBuildFile; fileRef = F3013D62D8804C35B4FA4E1F /* FontAwesome5_Solid.ttf */; };
		ACF7087AEC3D49CD8B5170B6 /* Fontisto.ttf in Resources */ = {isa = PBXBuildFile; fileRef = FB3BA3D0AA0245EAAC84196A /* Fontisto.ttf */; };
		0DE2EA8BC2264B618AD21122 /* Foundation.ttf in Resources */ = {isa = PBXBuildFile; fileRef = 9C05F97F9F3B4D6FBE2048E5 /* Foundation.ttf */; };
		FA7E1B19A52C484EAEF00D30 /* Ionicons.ttf in Resources */ = {isa = PBXBuildFile; fileRef = BB64C17195A94406B38EA0FD /* Ionicons.ttf */; };
		CC6C480EBD29429B965B59D4 /* LibreBarcode128Text-Regular.ttf in Resources */ = {isa = PBXBuildFile; fileRef = ACCA2FD9244147839CCC73E3 /* LibreBarcode128Text-Regular.ttf */; };
		927F5F099303477D863B5B20 /* LondrinaShadow-Regular.ttf in Resources */ = {isa = PBXBuildFile; fileRef = 06CA23320A8A4CB6A21ED883 /* LondrinaShadow-Regular.ttf */; };
		C323FD50607D460189132BB8 /* Macondo-Regular.ttf in Resources */ = {isa = PBXBuildFile; fileRef = B2F78FAA024145D79B15D713 /* Macondo-Regular.ttf */; };
		BA7AA044FAF544B6BC2BEBA0 /* MaterialCommunityIcons.ttf in Resources */ = {isa = PBXBuildFile; fileRef = 092AA4E34F104B99A63744F7 /* MaterialCommunityIcons.ttf */; };
		160EF87528924717A2681C9E /* MaterialIcons.ttf in Resources */ = {isa = PBXBuildFile; fileRef = 4F55AA2958784013B9615E0A /* MaterialIcons.ttf */; };
		EBB7D6700BCF4A9CA4F47508 /* NotoSans-Bold.ttf in Resources */ = {isa = PBXBuildFile; fileRef = D115E02E66B9403D8BD22132 /* NotoSans-Bold.ttf */; };
		3B054D6D42AB403C97C93C13 /* NotoSans-BoldItalic.ttf in Resources */ = {isa = PBXBuildFile; fileRef = A44DBF8E253344B49782B675 /* NotoSans-BoldItalic.ttf */; };
		887B5C1D8D504FE4B20E6F7B /* NotoSans-Italic.ttf in Resources */ = {isa = PBXBuildFile; fileRef = 7B2130A672AF4CE382FBB822 /* NotoSans-Italic.ttf */; };
		DF2B7A12E20D40238FA5F912 /* NotoSans-Regular.ttf in Resources */ = {isa = PBXBuildFile; fileRef = 05455BDE426C4937BF5D6AE1 /* NotoSans-Regular.ttf */; };
		F4F93FE273E341198850D9E1 /* NovaMono-Regular.ttf in Resources */ = {isa = PBXBuildFile; fileRef = E645D44ED5E143D2939A3383 /* NovaMono-Regular.ttf */; };
		B224EDF81DDB4D079423189C /* Nunito-Black.ttf in Resources */ = {isa = PBXBuildFile; fileRef = 89FCF880A60A47AFB5C78E81 /* Nunito-Black.ttf */; };
		503D46E7CCD042509EA08096 /* Nunito-BlackItalic.ttf in Resources */ = {isa = PBXBuildFile; fileRef = EFB15C8E9FA7439FBAE01126 /* Nunito-BlackItalic.ttf */; };
		9E266F7B63F64A649D20ABAA /* Nunito-Bold.ttf in Resources */ = {isa = PBXBuildFile; fileRef = 9C8DFF91D7454A3D8545435D /* Nunito-Bold.ttf */; };
		59BB5A66BCD344C195F07646 /* Nunito-BoldItalic.ttf in Resources */ = {isa = PBXBuildFile; fileRef = E6B8E4AC489E429AB5F28FE8 /* Nunito-BoldItalic.ttf */; };
		3BEDEAFD66C541CEBB44A37F /* Nunito-ExtraBold.ttf in Resources */ = {isa = PBXBuildFile; fileRef = 565F23F49D29470DBE845F77 /* Nunito-ExtraBold.ttf */; };
		DBD5ADA0B24845E0AA21EADB /* Nunito-ExtraBoldItalic.ttf in Resources */ = {isa = PBXBuildFile; fileRef = 56D8D07C5D36491DAE1F88CB /* Nunito-ExtraBoldItalic.ttf */; };
		65664BC0CBE84CB3A6359737 /* Nunito-ExtraLight.ttf in Resources */ = {isa = PBXBuildFile; fileRef = 01126B72036C40648407CB83 /* Nunito-ExtraLight.ttf */; };
		4659552154DA4549A7CE9B9D /* Nunito-ExtraLightItalic.ttf in Resources */ = {isa = PBXBuildFile; fileRef = 92D552067AEA4A728966D1EA /* Nunito-ExtraLightItalic.ttf */; };
		F19BE2D4452D44A4B5564E3E /* Nunito-Italic.ttf in Resources */ = {isa = PBXBuildFile; fileRef = 65F5B67C87D947D09483CE98 /* Nunito-Italic.ttf */; };
		14609A23C4DF4331B93EC8A9 /* Nunito-Light.ttf in Resources */ = {isa = PBXBuildFile; fileRef = 406E12C4FE214C189751F2F6 /* Nunito-Light.ttf */; };
		59C6FC2AA1784311B72915AE /* Nunito-LightItalic.ttf in Resources */ = {isa = PBXBuildFile; fileRef = AC2A7AAC2BF547E985FC7E2A /* Nunito-LightItalic.ttf */; };
		0154F3F0362647B79FC194B8 /* Nunito-Regular.ttf in Resources */ = {isa = PBXBuildFile; fileRef = 23A9C0F9A6724D1D99B38AA3 /* Nunito-Regular.ttf */; };
		F300A4291A5E436F9BC8ECC3 /* Nunito-SemiBold.ttf in Resources */ = {isa = PBXBuildFile; fileRef = E6AD18D581DC4279B01A4150 /* Nunito-SemiBold.ttf */; };
		53EDF05FB21D4536BF5145AC /* Nunito-SemiBoldItalic.ttf in Resources */ = {isa = PBXBuildFile; fileRef = 056708E71928428DA495248C /* Nunito-SemiBoldItalic.ttf */; };
		844B23E7132C40129630037E /* Octicons.ttf in Resources */ = {isa = PBXBuildFile; fileRef = F3F331219E664936B6F7AA93 /* Octicons.ttf */; };
		37492273B0AE4EBDAB42F336 /* OpenSansCondensed-Bold.ttf in Resources */ = {isa = PBXBuildFile; fileRef = 84ACCA2FF5BD4F4AA6FAC97A /* OpenSansCondensed-Bold.ttf */; };
		4E4BF8EA412843188D9B345E /* OpenSansCondensed-Light.ttf in Resources */ = {isa = PBXBuildFile; fileRef = 0DC898B3955A459E893B9EA5 /* OpenSansCondensed-Light.ttf */; };
		2A1C8C048602495297720E06 /* OpenSansCondensed-LightItalic.ttf in Resources */ = {isa = PBXBuildFile; fileRef = 86EFE10581BC4993BEF9D7D8 /* OpenSansCondensed-LightItalic.ttf */; };
		E020D90947EB42F78291249F /* PatrickHand-Regular.ttf in Resources */ = {isa = PBXBuildFile; fileRef = 78400D4228454325B2354B20 /* PatrickHand-Regular.ttf */; };
		E7B7A81EB75F46A08709897C /* PatrickHandSC-Regular.ttf in Resources */ = {isa = PBXBuildFile; fileRef = A0A7B79C8490412495B60723 /* PatrickHandSC-Regular.ttf */; };
		761778F9054448E597437872 /* PingFang SC Regular.ttf in Resources */ = {isa = PBXBuildFile; fileRef = 7B8C34B2DC084057A890F014 /* PingFang SC Regular.ttf */; };
		3ABFF146E62C4317960396BE /* PontanoSans-Regular.ttf in Resources */ = {isa = PBXBuildFile; fileRef = 0B6D73C8DADF4DDF83643046 /* PontanoSans-Regular.ttf */; };
		9520DC5508A342A6993DA106 /* Sacramento-Regular.ttf in Resources */ = {isa = PBXBuildFile; fileRef = E65E533274244658AE10B3AC /* Sacramento-Regular.ttf */; };
		DD80DE0E484F435EA205D6F5 /* SairaCondensed-Black.ttf in Resources */ = {isa = PBXBuildFile; fileRef = A3254CCE06F54D6A825FB5AB /* SairaCondensed-Black.ttf */; };
		E675F30AC45F4F9B9F1C3603 /* SairaCondensed-Bold.ttf in Resources */ = {isa = PBXBuildFile; fileRef = 73162A8921384001851AE119 /* SairaCondensed-Bold.ttf */; };
		CEEBC55AE049438B9219510F /* SairaCondensed-ExtraBold.ttf in Resources */ = {isa = PBXBuildFile; fileRef = B5DA7860E3CE4812A59B51EA /* SairaCondensed-ExtraBold.ttf */; };
		98BF01F17FF54692B18465B5 /* SairaCondensed-ExtraLight.ttf in Resources */ = {isa = PBXBuildFile; fileRef = 1B341DA0BBB5470FB60325CE /* SairaCondensed-ExtraLight.ttf */; };
		43E8F7FBFF5F44CCAE0CCA9E /* SairaCondensed-Light.ttf in Resources */ = {isa = PBXBuildFile; fileRef = D563D5A37A534143A371AB07 /* SairaCondensed-Light.ttf */; };
		B3E67942762346ACB6016B7E /* SairaCondensed-Medium.ttf in Resources */ = {isa = PBXBuildFile; fileRef = FDEF6D6BDDA44593977B855F /* SairaCondensed-Medium.ttf */; };
		A8C3D863314544A4A8E99E1D /* SairaCondensed-Regular.ttf in Resources */ = {isa = PBXBuildFile; fileRef = 37993F9BFCEB4BADAEDF99A4 /* SairaCondensed-Regular.ttf */; };
		B7EB3CBC210D46CD9F956731 /* SairaCondensed-SemiBold.ttf in Resources */ = {isa = PBXBuildFile; fileRef = 2ECE40FDF34D4A079829527B /* SairaCondensed-SemiBold.ttf */; };
		1BC58CA43F39437C843C6467 /* SairaCondensed-Thin.ttf in Resources */ = {isa = PBXBuildFile; fileRef = 540F848F51494D06BE036BC7 /* SairaCondensed-Thin.ttf */; };
		AF82B48B5B39418684E7755B /* Satisfy-Regular.ttf in Resources */ = {isa = PBXBuildFile; fileRef = 1261C8BA192442FEA4727591 /* Satisfy-Regular.ttf */; };
		0F1730F994D146C0B46146A7 /* SimpleLineIcons.ttf in Resources */ = {isa = PBXBuildFile; fileRef = 7B567BC2A6D748AF96473582 /* SimpleLineIcons.ttf */; };
		E56B710E69B847B6A44F3D0C /* Snippet-Regular.ttf in Resources */ = {isa = PBXBuildFile; fileRef = 0D15698598434ACB94325085 /* Snippet-Regular.ttf */; };
		AF01B2BB0B2D424584C0D714 /* Zocial.ttf in Resources */ = {isa = PBXBuildFile; fileRef = 52691403ED5842BB9FBEF894 /* Zocial.ttf */; };
		E2171777149140C98A69AD80 /* areyouserious.ttf in Resources */ = {isa = PBXBuildFile; fileRef = AA6F569F3ACA4D47AAD65904 /* areyouserious.ttf */; };
		75168026372A45F497A84AFA /* materialcommunityIcons.ttf in Resources */ = {isa = PBXBuildFile; fileRef = 2ED9991EC7AD4C6E87279886 /* materialcommunityIcons.ttf */; };
		9EBFBAE0A4AC44E9A63751B6 /* opensanscondensedbold.ttf in Resources */ = {isa = PBXBuildFile; fileRef = 57871B327D974FCFBCAC5088 /* opensanscondensedbold.ttf */; };
		6111CAD6118A4E109B797A5F /* AdventPro-Bold.ttf in Resources */ = {isa = PBXBuildFile; fileRef = 1A0C309C908D404C9CB30F64 /* AdventPro-Bold.ttf */; };
		910365DBE87442D8BA999296 /* AdventPro-ExtraLight.ttf in Resources */ = {isa = PBXBuildFile; fileRef = C3C8E4F48DD74D63A8919410 /* AdventPro-ExtraLight.ttf */; };
		7252EAF6662E498AABB362A5 /* AdventPro-Light.ttf in Resources */ = {isa = PBXBuildFile; fileRef = F918E6580C9E4E23BF7CE5C2 /* AdventPro-Light.ttf */; };
		1399018251EF49B397E3A673 /* AdventPro-Medium.ttf in Resources */ = {isa = PBXBuildFile; fileRef = 7F95BAE4B4A14846A5D3C10F /* AdventPro-Medium.ttf */; };
		EB887F5191AA4C43BF8BA781 /* AdventPro-Regular.ttf in Resources */ = {isa = PBXBuildFile; fileRef = 2F376A1E5D944CA780667923 /* AdventPro-Regular.ttf */; };
		5106FCEF217046928B699248 /* AdventPro-SemiBold.ttf in Resources */ = {isa = PBXBuildFile; fileRef = 0D6F785D866F48B7ADE597CE /* AdventPro-SemiBold.ttf */; };
		76F87218F3DB4545B4E3560F /* AdventPro-Thin.ttf in Resources */ = {isa = PBXBuildFile; fileRef = FEFB853C7067487EBE660D41 /* AdventPro-Thin.ttf */; };
		99B3345BE7134F828DF0F86F /* EduVICWANTBeginner-VariableFont_wght.ttf in Resources */ = {isa = PBXBuildFile; fileRef = AF2206C52E2048B6939555FE /* EduVICWANTBeginner-VariableFont_wght.ttf */; };
		B97B4D271056494FA8649277 /* FredokaOne-Regular.ttf in Resources */ = {isa = PBXBuildFile; fileRef = E2B779C0CC1B40F8AB9CC9B9 /* FredokaOne-Regular.ttf */; };
		5A7B3EE3FC154FCE9BB2C9FC /* Hind-Bold.ttf in Resources */ = {isa = PBXBuildFile; fileRef = 5E92B5D6B8B24E0A8AE138D0 /* Hind-Bold.ttf */; };
		F66D78A1741F4A33916C8FED /* Hind-Light.ttf in Resources */ = {isa = PBXBuildFile; fileRef = 96C163F565D44C9C8548F03E /* Hind-Light.ttf */; };
		1759F6A4C62D456C9E8CBA7D /* Hind-Medium.ttf in Resources */ = {isa = PBXBuildFile; fileRef = 29C62F6DEA9244CC950FFB18 /* Hind-Medium.ttf */; };
		CBEBCBD5593D439F952A892C /* Hind-Regular.ttf in Resources */ = {isa = PBXBuildFile; fileRef = 157D478FABDF4F90B01803AB /* Hind-Regular.ttf */; };
		DA57B27392CA44939E7525EE /* Hind-SemiBold.ttf in Resources */ = {isa = PBXBuildFile; fileRef = 400BF51FBE91471BA31272D3 /* Hind-SemiBold.ttf */; };
		21F3F603DF224439817F4658 /* Montserrat-Italic-VariableFont_wght.ttf in Resources */ = {isa = PBXBuildFile; fileRef = C0D0BC8A85664DA4B738D722 /* Montserrat-Italic-VariableFont_wght.ttf */; };
		56C640141515401AB5B47A57 /* Montserrat-VariableFont_wght.ttf in Resources */ = {isa = PBXBuildFile; fileRef = 8A156E4C3C98461AB6F84B11 /* Montserrat-VariableFont_wght.ttf */; };
		8E32DF412085467DBD33C2C1 /* Oswald-VariableFont_wght.ttf in Resources */ = {isa = PBXBuildFile; fileRef = DA71604309404B8887462933 /* Oswald-VariableFont_wght.ttf */; };
		5C21773D2E904CC5AB4CE73B /* Pacifico-Regular.ttf in Resources */ = {isa = PBXBuildFile; fileRef = 5BD8E6F4165B41639F935952 /* Pacifico-Regular.ttf */; };
		023F2402F8D048729250650D /* PoiretOne-Regular.ttf in Resources */ = {isa = PBXBuildFile; fileRef = 412A98E6DE5A45E79D734E89 /* PoiretOne-Regular.ttf */; };
		A5F966D9C52E4F8DB494EF93 /* Quicksand-VariableFont_wght.ttf in Resources */ = {isa = PBXBuildFile; fileRef = 6F8A75A6364E4B9A9C1B15D0 /* Quicksand-VariableFont_wght.ttf */; };
		7CDB5B3439914B3E9646679B /* Rajdhani-Bold.ttf in Resources */ = {isa = PBXBuildFile; fileRef = F0FBF69767BB4E2CA5590535 /* Rajdhani-Bold.ttf */; };
		565AB4A1AFC445F8AB562FF5 /* Rajdhani-Light.ttf in Resources */ = {isa = PBXBuildFile; fileRef = 99D949327EA5451AB89483E2 /* Rajdhani-Light.ttf */; };
		7F459CE150B14857AA36FB4A /* Rajdhani-Medium.ttf in Resources */ = {isa = PBXBuildFile; fileRef = 51C9F3910E9647C2BADE3CCC /* Rajdhani-Medium.ttf */; };
		D19427DB80E7416883F5D43E /* Rajdhani-Regular.ttf in Resources */ = {isa = PBXBuildFile; fileRef = E42115DF2DD94EEE8FA6E442 /* Rajdhani-Regular.ttf */; };
		CA58E0F560A147069E5208F7 /* Rajdhani-SemiBold.ttf in Resources */ = {isa = PBXBuildFile; fileRef = D43BD70BE1CA487993F6B84A /* Rajdhani-SemiBold.ttf */; };
		045FC25ACA6A4BCCBA19A9A7 /* Righteous-Regular.ttf in Resources */ = {isa = PBXBuildFile; fileRef = 8BE4B1735E9649A09372B23D /* Righteous-Regular.ttf */; };
		B32188D5873D461F95C10D31 /* Roboto-Black.ttf in Resources */ = {isa = PBXBuildFile; fileRef = E1F9A0E310F54EF99E69D3CD /* Roboto-Black.ttf */; };
		691EC6F393A84BD88986F60F /* Roboto-BlackItalic.ttf in Resources */ = {isa = PBXBuildFile; fileRef = A617FBEC61984465B8E993FF /* Roboto-BlackItalic.ttf */; };
		8EFE7371CF794F65ADA0E7A5 /* Roboto-Bold.ttf in Resources */ = {isa = PBXBuildFile; fileRef = 5CE25F1AE6DB4D1287620B1E /* Roboto-Bold.ttf */; };
		675F4C5A89814F23AAAEE6C9 /* Roboto-BoldItalic.ttf in Resources */ = {isa = PBXBuildFile; fileRef = 5171AACB42574605831528BD /* Roboto-BoldItalic.ttf */; };
		B58558C2A71D46BABBC99C71 /* Roboto-Italic.ttf in Resources */ = {isa = PBXBuildFile; fileRef = 65BD5EE615764BC0A60DB8E5 /* Roboto-Italic.ttf */; };
		5C7484CB5685401FA0B3F5B1 /* Roboto-Light.ttf in Resources */ = {isa = PBXBuildFile; fileRef = E55280C0274D4FDDB7613D11 /* Roboto-Light.ttf */; };
		1D5B39A0650643E29608BCE7 /* Roboto-LightItalic.ttf in Resources */ = {isa = PBXBuildFile; fileRef = A527C6FF4D4947509744208B /* Roboto-LightItalic.ttf */; };
		90DD411CE89D409AB4A64EF0 /* Roboto-Medium.ttf in Resources */ = {isa = PBXBuildFile; fileRef = 2D90C4C752DF4E87BC356C7D /* Roboto-Medium.ttf */; };
		47EF9009DEF24B74AD278C3B /* Roboto-MediumItalic.ttf in Resources */ = {isa = PBXBuildFile; fileRef = F419F06E240F4E4D88273A0E /* Roboto-MediumItalic.ttf */; };
		5345AB5B336647D0AA8D8F00 /* Roboto-Regular.ttf in Resources */ = {isa = PBXBuildFile; fileRef = 874A528E065C46D698AA0385 /* Roboto-Regular.ttf */; };
		EAD2BABC9FD040799C44160E /* Roboto-Thin.ttf in Resources */ = {isa = PBXBuildFile; fileRef = 23612DC2F2414CA3A5DD8516 /* Roboto-Thin.ttf */; };
		E79415D16013428D8D98B08A /* Roboto-ThinItalic.ttf in Resources */ = {isa = PBXBuildFile; fileRef = 20B2BDE40BE842C7B36CF3F0 /* Roboto-ThinItalic.ttf */; };
		C0E9632D4C654E5B9E4ECCCA /* SecularOne-Regular.ttf in Resources */ = {isa = PBXBuildFile; fileRef = A7DB0B56F0A54291BDB92C7C /* SecularOne-Regular.ttf */; };
		6630F0AF22CB4E0DA97999B6 /* Tangerine-Bold.ttf in Resources */ = {isa = PBXBuildFile; fileRef = 035040EE0BB542F98E76C41B /* Tangerine-Bold.ttf */; };
		2E6D9D6B95A341E69AE84F3C /* Tangerine-Regular.ttf in Resources */ = {isa = PBXBuildFile; fileRef = 7E3D1276B9F04E788A9A0580 /* Tangerine-Regular.ttf */; };
		024400AEBA5C48169ED00C02 /* WorkSans-Italic-VariableFont_wght.ttf in Resources */ = {isa = PBXBuildFile; fileRef = BC809E2A05C441199651A3AC /* WorkSans-Italic-VariableFont_wght.ttf */; };
		906E1B3DA29E46D482432EFD /* WorkSans-VariableFont_wght.ttf in Resources */ = {isa = PBXBuildFile; fileRef = 7BC7B513D8E94616B5E8570D /* WorkSans-VariableFont_wght.ttf */; };
/* End PBXBuildFile section */

/* Begin PBXContainerItemProxy section */
		00E356F41AD99517003FC87E /* PBXContainerItemProxy */ = {
			isa = PBXContainerItemProxy;
			containerPortal = 83CBB9F71A601CBA00E9B192 /* Project object */;
			proxyType = 1;
			remoteGlobalIDString = 13B07F861A680F5B00A75B9A;
			remoteInfo = axios;
		};
/* End PBXContainerItemProxy section */

/* Begin PBXFileReference section */
		00E356EE1AD99517003FC87E /* axiosTests.xctest */ = {isa = PBXFileReference; explicitFileType = wrapper.cfbundle; includeInIndex = 0; path = axiosTests.xctest; sourceTree = BUILT_PRODUCTS_DIR; };
		00E356F11AD99517003FC87E /* Info.plist */ = {isa = PBXFileReference; lastKnownFileType = text.plist.xml; path = Info.plist; sourceTree = "<group>"; };
		00E356F21AD99517003FC87E /* axiosTests.m */ = {isa = PBXFileReference; lastKnownFileType = sourcecode.c.objc; path = axiosTests.m; sourceTree = "<group>"; };
		13B07F961A680F5B00A75B9A /* axios.app */ = {isa = PBXFileReference; explicitFileType = wrapper.application; includeInIndex = 0; path = axios.app; sourceTree = BUILT_PRODUCTS_DIR; };
		13B07FAF1A68108700A75B9A /* AppDelegate.h */ = {isa = PBXFileReference; fileEncoding = 4; lastKnownFileType = sourcecode.c.h; name = AppDelegate.h; path = axios/AppDelegate.h; sourceTree = "<group>"; };
		13B07FB01A68108700A75B9A /* AppDelegate.mm */ = {isa = PBXFileReference; fileEncoding = 4; lastKnownFileType = sourcecode.cpp.objcpp; name = AppDelegate.mm; path = axios/AppDelegate.mm; sourceTree = "<group>"; };
		13B07FB51A68108700A75B9A /* Images.xcassets */ = {isa = PBXFileReference; lastKnownFileType = folder.assetcatalog; name = Images.xcassets; path = axios/Images.xcassets; sourceTree = "<group>"; };
		13B07FB61A68108700A75B9A /* Info.plist */ = {isa = PBXFileReference; fileEncoding = 4; lastKnownFileType = text.plist.xml; name = Info.plist; path = axios/Info.plist; sourceTree = "<group>"; };
		13B07FB71A68108700A75B9A /* main.m */ = {isa = PBXFileReference; fileEncoding = 4; lastKnownFileType = sourcecode.c.objc; name = main.m; path = axios/main.m; sourceTree = "<group>"; };
		19F6CBCC0A4E27FBF8BF4A61 /* libPods-axios-axiosTests.a */ = {isa = PBXFileReference; explicitFileType = archive.ar; includeInIndex = 0; path = "libPods-axios-axiosTests.a"; sourceTree = BUILT_PRODUCTS_DIR; };
		3B4392A12AC88292D35C810B /* Pods-axios.debug.xcconfig */ = {isa = PBXFileReference; includeInIndex = 1; lastKnownFileType = text.xcconfig; name = "Pods-axios.debug.xcconfig"; path = "Target Support Files/Pods-axios/Pods-axios.debug.xcconfig"; sourceTree = "<group>"; };
		5709B34CF0A7D63546082F79 /* Pods-axios.release.xcconfig */ = {isa = PBXFileReference; includeInIndex = 1; lastKnownFileType = text.xcconfig; name = "Pods-axios.release.xcconfig"; path = "Target Support Files/Pods-axios/Pods-axios.release.xcconfig"; sourceTree = "<group>"; };
		5B7EB9410499542E8C5724F5 /* Pods-axios-axiosTests.debug.xcconfig */ = {isa = PBXFileReference; includeInIndex = 1; lastKnownFileType = text.xcconfig; name = "Pods-axios-axiosTests.debug.xcconfig"; path = "Target Support Files/Pods-axios-axiosTests/Pods-axios-axiosTests.debug.xcconfig"; sourceTree = "<group>"; };
		5DCACB8F33CDC322A6C60F78 /* libPods-axios.a */ = {isa = PBXFileReference; explicitFileType = archive.ar; includeInIndex = 0; path = "libPods-axios.a"; sourceTree = BUILT_PRODUCTS_DIR; };
		81AB9BB72411601600AC10FF /* LaunchScreen.storyboard */ = {isa = PBXFileReference; fileEncoding = 4; lastKnownFileType = file.storyboard; name = LaunchScreen.storyboard; path = axios/LaunchScreen.storyboard; sourceTree = "<group>"; };
		89C6BE57DB24E9ADA2F236DE /* Pods-axios-axiosTests.release.xcconfig */ = {isa = PBXFileReference; includeInIndex = 1; lastKnownFileType = text.xcconfig; name = "Pods-axios-axiosTests.release.xcconfig"; path = "Target Support Files/Pods-axios-axiosTests/Pods-axios-axiosTests.release.xcconfig"; sourceTree = "<group>"; };
		ED297162215061F000B7C4FE /* JavaScriptCore.framework */ = {isa = PBXFileReference; lastKnownFileType = wrapper.framework; name = JavaScriptCore.framework; path = System/Library/Frameworks/JavaScriptCore.framework; sourceTree = SDKROOT; };
		EFD455321A1F44B59626B718 /* AmaticSC-Bold.ttf */ = {isa = PBXFileReference; name = "AmaticSC-Bold.ttf"; path = "../assets/fonts/AmaticSC-Bold.ttf"; sourceTree = "<group>"; fileEncoding = undefined; lastKnownFileType = unknown; explicitFileType = undefined; includeInIndex = 0; };
		21AC84E3C83D4EF085A7B210 /* AmaticSC-Regular.ttf */ = {isa = PBXFileReference; name = "AmaticSC-Regular.ttf"; path = "../assets/fonts/AmaticSC-Regular.ttf"; sourceTree = "<group>"; fileEncoding = undefined; lastKnownFileType = unknown; explicitFileType = undefined; includeInIndex = 0; };
		A25C84C3939043578945CD40 /* AntDesign.ttf */ = {isa = PBXFileReference; name = "AntDesign.ttf"; path = "../assets/fonts/AntDesign.ttf"; sourceTree = "<group>"; fileEncoding = undefined; lastKnownFileType = unknown; explicitFileType = undefined; includeInIndex = 0; };
		2A8CECCD2F534CE596183760 /* ArchitectsDaughter-Regular.ttf */ = {isa = PBXFileReference; name = "ArchitectsDaughter-Regular.ttf"; path = "../assets/fonts/ArchitectsDaughter-Regular.ttf"; sourceTree = "<group>"; fileEncoding = undefined; lastKnownFileType = unknown; explicitFileType = undefined; includeInIndex = 0; };
		4F872C901C694D6184A070F8 /* AreYouSerious-Regular.ttf */ = {isa = PBXFileReference; name = "AreYouSerious-Regular.ttf"; path = "../assets/fonts/AreYouSerious-Regular.ttf"; sourceTree = "<group>"; fileEncoding = undefined; lastKnownFileType = unknown; explicitFileType = undefined; includeInIndex = 0; };
		37ABF57DC3DB4F8EB1FD983B /* BonheurRoyale-Regular.ttf */ = {isa = PBXFileReference; name = "BonheurRoyale-Regular.ttf"; path = "../assets/fonts/BonheurRoyale-Regular.ttf"; sourceTree = "<group>"; fileEncoding = undefined; lastKnownFileType = unknown; explicitFileType = undefined; includeInIndex = 0; };
		1AE714B7DBFE4BF597E71CFE /* Dosis-VariableFont_wght.ttf */ = {isa = PBXFileReference; name = "Dosis-VariableFont_wght.ttf"; path = "../assets/fonts/Dosis-VariableFont_wght.ttf"; sourceTree = "<group>"; fileEncoding = undefined; lastKnownFileType = unknown; explicitFileType = undefined; includeInIndex = 0; };
		D0A7E28BEFE3490B89787920 /* Entypo.ttf */ = {isa = PBXFileReference; name = "Entypo.ttf"; path = "../assets/fonts/Entypo.ttf"; sourceTree = "<group>"; fileEncoding = undefined; lastKnownFileType = unknown; explicitFileType = undefined; includeInIndex = 0; };
		023CDE14711249D690D11527 /* EvilIcons.ttf */ = {isa = PBXFileReference; name = "EvilIcons.ttf"; path = "../assets/fonts/EvilIcons.ttf"; sourceTree = "<group>"; fileEncoding = undefined; lastKnownFileType = unknown; explicitFileType = undefined; includeInIndex = 0; };
		2D5B47D9C4F54715A6CEDE03 /* Feather.ttf */ = {isa = PBXFileReference; name = "Feather.ttf"; path = "../assets/fonts/Feather.ttf"; sourceTree = "<group>"; fileEncoding = undefined; lastKnownFileType = unknown; explicitFileType = undefined; includeInIndex = 0; };
		A933E92F77004717B3274AB7 /* FontAwesome.ttf */ = {isa = PBXFileReference; name = "FontAwesome.ttf"; path = "../assets/fonts/FontAwesome.ttf"; sourceTree = "<group>"; fileEncoding = undefined; lastKnownFileType = unknown; explicitFileType = undefined; includeInIndex = 0; };
		3C3F91EB0C66469D9A5AA3D7 /* FontAwesome5_Brands.ttf */ = {isa = PBXFileReference; name = "FontAwesome5_Brands.ttf"; path = "../assets/fonts/FontAwesome5_Brands.ttf"; sourceTree = "<group>"; fileEncoding = undefined; lastKnownFileType = unknown; explicitFileType = undefined; includeInIndex = 0; };
		8939FC13044F4B4CBF98A9F9 /* FontAwesome5_Regular.ttf */ = {isa = PBXFileReference; name = "FontAwesome5_Regular.ttf"; path = "../assets/fonts/FontAwesome5_Regular.ttf"; sourceTree = "<group>"; fileEncoding = undefined; lastKnownFileType = unknown; explicitFileType = undefined; includeInIndex = 0; };
		F3013D62D8804C35B4FA4E1F /* FontAwesome5_Solid.ttf */ = {isa = PBXFileReference; name = "FontAwesome5_Solid.ttf"; path = "../assets/fonts/FontAwesome5_Solid.ttf"; sourceTree = "<group>"; fileEncoding = undefined; lastKnownFileType = unknown; explicitFileType = undefined; includeInIndex = 0; };
		FB3BA3D0AA0245EAAC84196A /* Fontisto.ttf */ = {isa = PBXFileReference; name = "Fontisto.ttf"; path = "../assets/fonts/Fontisto.ttf"; sourceTree = "<group>"; fileEncoding = undefined; lastKnownFileType = unknown; explicitFileType = undefined; includeInIndex = 0; };
		9C05F97F9F3B4D6FBE2048E5 /* Foundation.ttf */ = {isa = PBXFileReference; name = "Foundation.ttf"; path = "../assets/fonts/Foundation.ttf"; sourceTree = "<group>"; fileEncoding = undefined; lastKnownFileType = unknown; explicitFileType = undefined; includeInIndex = 0; };
		BB64C17195A94406B38EA0FD /* Ionicons.ttf */ = {isa = PBXFileReference; name = "Ionicons.ttf"; path = "../assets/fonts/Ionicons.ttf"; sourceTree = "<group>"; fileEncoding = undefined; lastKnownFileType = unknown; explicitFileType = undefined; includeInIndex = 0; };
		ACCA2FD9244147839CCC73E3 /* LibreBarcode128Text-Regular.ttf */ = {isa = PBXFileReference; name = "LibreBarcode128Text-Regular.ttf"; path = "../assets/fonts/LibreBarcode128Text-Regular.ttf"; sourceTree = "<group>"; fileEncoding = undefined; lastKnownFileType = unknown; explicitFileType = undefined; includeInIndex = 0; };
		06CA23320A8A4CB6A21ED883 /* LondrinaShadow-Regular.ttf */ = {isa = PBXFileReference; name = "LondrinaShadow-Regular.ttf"; path = "../assets/fonts/LondrinaShadow-Regular.ttf"; sourceTree = "<group>"; fileEncoding = undefined; lastKnownFileType = unknown; explicitFileType = undefined; includeInIndex = 0; };
		B2F78FAA024145D79B15D713 /* Macondo-Regular.ttf */ = {isa = PBXFileReference; name = "Macondo-Regular.ttf"; path = "../assets/fonts/Macondo-Regular.ttf"; sourceTree = "<group>"; fileEncoding = undefined; lastKnownFileType = unknown; explicitFileType = undefined; includeInIndex = 0; };
		092AA4E34F104B99A63744F7 /* MaterialCommunityIcons.ttf */ = {isa = PBXFileReference; name = "MaterialCommunityIcons.ttf"; path = "../assets/fonts/MaterialCommunityIcons.ttf"; sourceTree = "<group>"; fileEncoding = undefined; lastKnownFileType = unknown; explicitFileType = undefined; includeInIndex = 0; };
		4F55AA2958784013B9615E0A /* MaterialIcons.ttf */ = {isa = PBXFileReference; name = "MaterialIcons.ttf"; path = "../assets/fonts/MaterialIcons.ttf"; sourceTree = "<group>"; fileEncoding = undefined; lastKnownFileType = unknown; explicitFileType = undefined; includeInIndex = 0; };
		D115E02E66B9403D8BD22132 /* NotoSans-Bold.ttf */ = {isa = PBXFileReference; name = "NotoSans-Bold.ttf"; path = "../assets/fonts/NotoSans-Bold.ttf"; sourceTree = "<group>"; fileEncoding = undefined; lastKnownFileType = unknown; explicitFileType = undefined; includeInIndex = 0; };
		A44DBF8E253344B49782B675 /* NotoSans-BoldItalic.ttf */ = {isa = PBXFileReference; name = "NotoSans-BoldItalic.ttf"; path = "../assets/fonts/NotoSans-BoldItalic.ttf"; sourceTree = "<group>"; fileEncoding = undefined; lastKnownFileType = unknown; explicitFileType = undefined; includeInIndex = 0; };
		7B2130A672AF4CE382FBB822 /* NotoSans-Italic.ttf */ = {isa = PBXFileReference; name = "NotoSans-Italic.ttf"; path = "../assets/fonts/NotoSans-Italic.ttf"; sourceTree = "<group>"; fileEncoding = undefined; lastKnownFileType = unknown; explicitFileType = undefined; includeInIndex = 0; };
		05455BDE426C4937BF5D6AE1 /* NotoSans-Regular.ttf */ = {isa = PBXFileReference; name = "NotoSans-Regular.ttf"; path = "../assets/fonts/NotoSans-Regular.ttf"; sourceTree = "<group>"; fileEncoding = undefined; lastKnownFileType = unknown; explicitFileType = undefined; includeInIndex = 0; };
		E645D44ED5E143D2939A3383 /* NovaMono-Regular.ttf */ = {isa = PBXFileReference; name = "NovaMono-Regular.ttf"; path = "../assets/fonts/NovaMono-Regular.ttf"; sourceTree = "<group>"; fileEncoding = undefined; lastKnownFileType = unknown; explicitFileType = undefined; includeInIndex = 0; };
		89FCF880A60A47AFB5C78E81 /* Nunito-Black.ttf */ = {isa = PBXFileReference; name = "Nunito-Black.ttf"; path = "../assets/fonts/Nunito-Black.ttf"; sourceTree = "<group>"; fileEncoding = undefined; lastKnownFileType = unknown; explicitFileType = undefined; includeInIndex = 0; };
		EFB15C8E9FA7439FBAE01126 /* Nunito-BlackItalic.ttf */ = {isa = PBXFileReference; name = "Nunito-BlackItalic.ttf"; path = "../assets/fonts/Nunito-BlackItalic.ttf"; sourceTree = "<group>"; fileEncoding = undefined; lastKnownFileType = unknown; explicitFileType = undefined; includeInIndex = 0; };
		9C8DFF91D7454A3D8545435D /* Nunito-Bold.ttf */ = {isa = PBXFileReference; name = "Nunito-Bold.ttf"; path = "../assets/fonts/Nunito-Bold.ttf"; sourceTree = "<group>"; fileEncoding = undefined; lastKnownFileType = unknown; explicitFileType = undefined; includeInIndex = 0; };
		E6B8E4AC489E429AB5F28FE8 /* Nunito-BoldItalic.ttf */ = {isa = PBXFileReference; name = "Nunito-BoldItalic.ttf"; path = "../assets/fonts/Nunito-BoldItalic.ttf"; sourceTree = "<group>"; fileEncoding = undefined; lastKnownFileType = unknown; explicitFileType = undefined; includeInIndex = 0; };
		565F23F49D29470DBE845F77 /* Nunito-ExtraBold.ttf */ = {isa = PBXFileReference; name = "Nunito-ExtraBold.ttf"; path = "../assets/fonts/Nunito-ExtraBold.ttf"; sourceTree = "<group>"; fileEncoding = undefined; lastKnownFileType = unknown; explicitFileType = undefined; includeInIndex = 0; };
		56D8D07C5D36491DAE1F88CB /* Nunito-ExtraBoldItalic.ttf */ = {isa = PBXFileReference; name = "Nunito-ExtraBoldItalic.ttf"; path = "../assets/fonts/Nunito-ExtraBoldItalic.ttf"; sourceTree = "<group>"; fileEncoding = undefined; lastKnownFileType = unknown; explicitFileType = undefined; includeInIndex = 0; };
		01126B72036C40648407CB83 /* Nunito-ExtraLight.ttf */ = {isa = PBXFileReference; name = "Nunito-ExtraLight.ttf"; path = "../assets/fonts/Nunito-ExtraLight.ttf"; sourceTree = "<group>"; fileEncoding = undefined; lastKnownFileType = unknown; explicitFileType = undefined; includeInIndex = 0; };
		92D552067AEA4A728966D1EA /* Nunito-ExtraLightItalic.ttf */ = {isa = PBXFileReference; name = "Nunito-ExtraLightItalic.ttf"; path = "../assets/fonts/Nunito-ExtraLightItalic.ttf"; sourceTree = "<group>"; fileEncoding = undefined; lastKnownFileType = unknown; explicitFileType = undefined; includeInIndex = 0; };
		65F5B67C87D947D09483CE98 /* Nunito-Italic.ttf */ = {isa = PBXFileReference; name = "Nunito-Italic.ttf"; path = "../assets/fonts/Nunito-Italic.ttf"; sourceTree = "<group>"; fileEncoding = undefined; lastKnownFileType = unknown; explicitFileType = undefined; includeInIndex = 0; };
		406E12C4FE214C189751F2F6 /* Nunito-Light.ttf */ = {isa = PBXFileReference; name = "Nunito-Light.ttf"; path = "../assets/fonts/Nunito-Light.ttf"; sourceTree = "<group>"; fileEncoding = undefined; lastKnownFileType = unknown; explicitFileType = undefined; includeInIndex = 0; };
		AC2A7AAC2BF547E985FC7E2A /* Nunito-LightItalic.ttf */ = {isa = PBXFileReference; name = "Nunito-LightItalic.ttf"; path = "../assets/fonts/Nunito-LightItalic.ttf"; sourceTree = "<group>"; fileEncoding = undefined; lastKnownFileType = unknown; explicitFileType = undefined; includeInIndex = 0; };
		23A9C0F9A6724D1D99B38AA3 /* Nunito-Regular.ttf */ = {isa = PBXFileReference; name = "Nunito-Regular.ttf"; path = "../assets/fonts/Nunito-Regular.ttf"; sourceTree = "<group>"; fileEncoding = undefined; lastKnownFileType = unknown; explicitFileType = undefined; includeInIndex = 0; };
		E6AD18D581DC4279B01A4150 /* Nunito-SemiBold.ttf */ = {isa = PBXFileReference; name = "Nunito-SemiBold.ttf"; path = "../assets/fonts/Nunito-SemiBold.ttf"; sourceTree = "<group>"; fileEncoding = undefined; lastKnownFileType = unknown; explicitFileType = undefined; includeInIndex = 0; };
		056708E71928428DA495248C /* Nunito-SemiBoldItalic.ttf */ = {isa = PBXFileReference; name = "Nunito-SemiBoldItalic.ttf"; path = "../assets/fonts/Nunito-SemiBoldItalic.ttf"; sourceTree = "<group>"; fileEncoding = undefined; lastKnownFileType = unknown; explicitFileType = undefined; includeInIndex = 0; };
		F3F331219E664936B6F7AA93 /* Octicons.ttf */ = {isa = PBXFileReference; name = "Octicons.ttf"; path = "../assets/fonts/Octicons.ttf"; sourceTree = "<group>"; fileEncoding = undefined; lastKnownFileType = unknown; explicitFileType = undefined; includeInIndex = 0; };
		84ACCA2FF5BD4F4AA6FAC97A /* OpenSansCondensed-Bold.ttf */ = {isa = PBXFileReference; name = "OpenSansCondensed-Bold.ttf"; path = "../assets/fonts/OpenSansCondensed-Bold.ttf"; sourceTree = "<group>"; fileEncoding = undefined; lastKnownFileType = unknown; explicitFileType = undefined; includeInIndex = 0; };
		0DC898B3955A459E893B9EA5 /* OpenSansCondensed-Light.ttf */ = {isa = PBXFileReference; name = "OpenSansCondensed-Light.ttf"; path = "../assets/fonts/OpenSansCondensed-Light.ttf"; sourceTree = "<group>"; fileEncoding = undefined; lastKnownFileType = unknown; explicitFileType = undefined; includeInIndex = 0; };
		86EFE10581BC4993BEF9D7D8 /* OpenSansCondensed-LightItalic.ttf */ = {isa = PBXFileReference; name = "OpenSansCondensed-LightItalic.ttf"; path = "../assets/fonts/OpenSansCondensed-LightItalic.ttf"; sourceTree = "<group>"; fileEncoding = undefined; lastKnownFileType = unknown; explicitFileType = undefined; includeInIndex = 0; };
		78400D4228454325B2354B20 /* PatrickHand-Regular.ttf */ = {isa = PBXFileReference; name = "PatrickHand-Regular.ttf"; path = "../assets/fonts/PatrickHand-Regular.ttf"; sourceTree = "<group>"; fileEncoding = undefined; lastKnownFileType = unknown; explicitFileType = undefined; includeInIndex = 0; };
		A0A7B79C8490412495B60723 /* PatrickHandSC-Regular.ttf */ = {isa = PBXFileReference; name = "PatrickHandSC-Regular.ttf"; path = "../assets/fonts/PatrickHandSC-Regular.ttf"; sourceTree = "<group>"; fileEncoding = undefined; lastKnownFileType = unknown; explicitFileType = undefined; includeInIndex = 0; };
		7B8C34B2DC084057A890F014 /* PingFang SC Regular.ttf */ = {isa = PBXFileReference; name = "PingFang SC Regular.ttf"; path = "../assets/fonts/PingFang SC Regular.ttf"; sourceTree = "<group>"; fileEncoding = undefined; lastKnownFileType = unknown; explicitFileType = undefined; includeInIndex = 0; };
		0B6D73C8DADF4DDF83643046 /* PontanoSans-Regular.ttf */ = {isa = PBXFileReference; name = "PontanoSans-Regular.ttf"; path = "../assets/fonts/PontanoSans-Regular.ttf"; sourceTree = "<group>"; fileEncoding = undefined; lastKnownFileType = unknown; explicitFileType = undefined; includeInIndex = 0; };
		E65E533274244658AE10B3AC /* Sacramento-Regular.ttf */ = {isa = PBXFileReference; name = "Sacramento-Regular.ttf"; path = "../assets/fonts/Sacramento-Regular.ttf"; sourceTree = "<group>"; fileEncoding = undefined; lastKnownFileType = unknown; explicitFileType = undefined; includeInIndex = 0; };
		A3254CCE06F54D6A825FB5AB /* SairaCondensed-Black.ttf */ = {isa = PBXFileReference; name = "SairaCondensed-Black.ttf"; path = "../assets/fonts/SairaCondensed-Black.ttf"; sourceTree = "<group>"; fileEncoding = undefined; lastKnownFileType = unknown; explicitFileType = undefined; includeInIndex = 0; };
		73162A8921384001851AE119 /* SairaCondensed-Bold.ttf */ = {isa = PBXFileReference; name = "SairaCondensed-Bold.ttf"; path = "../assets/fonts/SairaCondensed-Bold.ttf"; sourceTree = "<group>"; fileEncoding = undefined; lastKnownFileType = unknown; explicitFileType = undefined; includeInIndex = 0; };
		B5DA7860E3CE4812A59B51EA /* SairaCondensed-ExtraBold.ttf */ = {isa = PBXFileReference; name = "SairaCondensed-ExtraBold.ttf"; path = "../assets/fonts/SairaCondensed-ExtraBold.ttf"; sourceTree = "<group>"; fileEncoding = undefined; lastKnownFileType = unknown; explicitFileType = undefined; includeInIndex = 0; };
		1B341DA0BBB5470FB60325CE /* SairaCondensed-ExtraLight.ttf */ = {isa = PBXFileReference; name = "SairaCondensed-ExtraLight.ttf"; path = "../assets/fonts/SairaCondensed-ExtraLight.ttf"; sourceTree = "<group>"; fileEncoding = undefined; lastKnownFileType = unknown; explicitFileType = undefined; includeInIndex = 0; };
		D563D5A37A534143A371AB07 /* SairaCondensed-Light.ttf */ = {isa = PBXFileReference; name = "SairaCondensed-Light.ttf"; path = "../assets/fonts/SairaCondensed-Light.ttf"; sourceTree = "<group>"; fileEncoding = undefined; lastKnownFileType = unknown; explicitFileType = undefined; includeInIndex = 0; };
		FDEF6D6BDDA44593977B855F /* SairaCondensed-Medium.ttf */ = {isa = PBXFileReference; name = "SairaCondensed-Medium.ttf"; path = "../assets/fonts/SairaCondensed-Medium.ttf"; sourceTree = "<group>"; fileEncoding = undefined; lastKnownFileType = unknown; explicitFileType = undefined; includeInIndex = 0; };
		37993F9BFCEB4BADAEDF99A4 /* SairaCondensed-Regular.ttf */ = {isa = PBXFileReference; name = "SairaCondensed-Regular.ttf"; path = "../assets/fonts/SairaCondensed-Regular.ttf"; sourceTree = "<group>"; fileEncoding = undefined; lastKnownFileType = unknown; explicitFileType = undefined; includeInIndex = 0; };
		2ECE40FDF34D4A079829527B /* SairaCondensed-SemiBold.ttf */ = {isa = PBXFileReference; name = "SairaCondensed-SemiBold.ttf"; path = "../assets/fonts/SairaCondensed-SemiBold.ttf"; sourceTree = "<group>"; fileEncoding = undefined; lastKnownFileType = unknown; explicitFileType = undefined; includeInIndex = 0; };
		540F848F51494D06BE036BC7 /* SairaCondensed-Thin.ttf */ = {isa = PBXFileReference; name = "SairaCondensed-Thin.ttf"; path = "../assets/fonts/SairaCondensed-Thin.ttf"; sourceTree = "<group>"; fileEncoding = undefined; lastKnownFileType = unknown; explicitFileType = undefined; includeInIndex = 0; };
		1261C8BA192442FEA4727591 /* Satisfy-Regular.ttf */ = {isa = PBXFileReference; name = "Satisfy-Regular.ttf"; path = "../assets/fonts/Satisfy-Regular.ttf"; sourceTree = "<group>"; fileEncoding = undefined; lastKnownFileType = unknown; explicitFileType = undefined; includeInIndex = 0; };
		7B567BC2A6D748AF96473582 /* SimpleLineIcons.ttf */ = {isa = PBXFileReference; name = "SimpleLineIcons.ttf"; path = "../assets/fonts/SimpleLineIcons.ttf"; sourceTree = "<group>"; fileEncoding = undefined; lastKnownFileType = unknown; explicitFileType = undefined; includeInIndex = 0; };
		0D15698598434ACB94325085 /* Snippet-Regular.ttf */ = {isa = PBXFileReference; name = "Snippet-Regular.ttf"; path = "../assets/fonts/Snippet-Regular.ttf"; sourceTree = "<group>"; fileEncoding = undefined; lastKnownFileType = unknown; explicitFileType = undefined; includeInIndex = 0; };
		52691403ED5842BB9FBEF894 /* Zocial.ttf */ = {isa = PBXFileReference; name = "Zocial.ttf"; path = "../assets/fonts/Zocial.ttf"; sourceTree = "<group>"; fileEncoding = undefined; lastKnownFileType = unknown; explicitFileType = undefined; includeInIndex = 0; };
		AA6F569F3ACA4D47AAD65904 /* areyouserious.ttf */ = {isa = PBXFileReference; name = "areyouserious.ttf"; path = "../assets/fonts/areyouserious.ttf"; sourceTree = "<group>"; fileEncoding = undefined; lastKnownFileType = unknown; explicitFileType = undefined; includeInIndex = 0; };
		2ED9991EC7AD4C6E87279886 /* materialcommunityIcons.ttf */ = {isa = PBXFileReference; name = "materialcommunityIcons.ttf"; path = "../assets/fonts/materialcommunityIcons.ttf"; sourceTree = "<group>"; fileEncoding = undefined; lastKnownFileType = unknown; explicitFileType = undefined; includeInIndex = 0; };
		57871B327D974FCFBCAC5088 /* opensanscondensedbold.ttf */ = {isa = PBXFileReference; name = "opensanscondensedbold.ttf"; path = "../assets/fonts/opensanscondensedbold.ttf"; sourceTree = "<group>"; fileEncoding = undefined; lastKnownFileType = unknown; explicitFileType = undefined; includeInIndex = 0; };
		1A0C309C908D404C9CB30F64 /* AdventPro-Bold.ttf */ = {isa = PBXFileReference; name = "AdventPro-Bold.ttf"; path = "../assets/fonts/AdventPro-Bold.ttf"; sourceTree = "<group>"; fileEncoding = undefined; lastKnownFileType = unknown; explicitFileType = undefined; includeInIndex = 0; };
		C3C8E4F48DD74D63A8919410 /* AdventPro-ExtraLight.ttf */ = {isa = PBXFileReference; name = "AdventPro-ExtraLight.ttf"; path = "../assets/fonts/AdventPro-ExtraLight.ttf"; sourceTree = "<group>"; fileEncoding = undefined; lastKnownFileType = unknown; explicitFileType = undefined; includeInIndex = 0; };
		F918E6580C9E4E23BF7CE5C2 /* AdventPro-Light.ttf */ = {isa = PBXFileReference; name = "AdventPro-Light.ttf"; path = "../assets/fonts/AdventPro-Light.ttf"; sourceTree = "<group>"; fileEncoding = undefined; lastKnownFileType = unknown; explicitFileType = undefined; includeInIndex = 0; };
		7F95BAE4B4A14846A5D3C10F /* AdventPro-Medium.ttf */ = {isa = PBXFileReference; name = "AdventPro-Medium.ttf"; path = "../assets/fonts/AdventPro-Medium.ttf"; sourceTree = "<group>"; fileEncoding = undefined; lastKnownFileType = unknown; explicitFileType = undefined; includeInIndex = 0; };
		2F376A1E5D944CA780667923 /* AdventPro-Regular.ttf */ = {isa = PBXFileReference; name = "AdventPro-Regular.ttf"; path = "../assets/fonts/AdventPro-Regular.ttf"; sourceTree = "<group>"; fileEncoding = undefined; lastKnownFileType = unknown; explicitFileType = undefined; includeInIndex = 0; };
		0D6F785D866F48B7ADE597CE /* AdventPro-SemiBold.ttf */ = {isa = PBXFileReference; name = "AdventPro-SemiBold.ttf"; path = "../assets/fonts/AdventPro-SemiBold.ttf"; sourceTree = "<group>"; fileEncoding = undefined; lastKnownFileType = unknown; explicitFileType = undefined; includeInIndex = 0; };
		FEFB853C7067487EBE660D41 /* AdventPro-Thin.ttf */ = {isa = PBXFileReference; name = "AdventPro-Thin.ttf"; path = "../assets/fonts/AdventPro-Thin.ttf"; sourceTree = "<group>"; fileEncoding = undefined; lastKnownFileType = unknown; explicitFileType = undefined; includeInIndex = 0; };
		AF2206C52E2048B6939555FE /* EduVICWANTBeginner-VariableFont_wght.ttf */ = {isa = PBXFileReference; name = "EduVICWANTBeginner-VariableFont_wght.ttf"; path = "../assets/fonts/EduVICWANTBeginner-VariableFont_wght.ttf"; sourceTree = "<group>"; fileEncoding = undefined; lastKnownFileType = unknown; explicitFileType = undefined; includeInIndex = 0; };
		E2B779C0CC1B40F8AB9CC9B9 /* FredokaOne-Regular.ttf */ = {isa = PBXFileReference; name = "FredokaOne-Regular.ttf"; path = "../assets/fonts/FredokaOne-Regular.ttf"; sourceTree = "<group>"; fileEncoding = undefined; lastKnownFileType = unknown; explicitFileType = undefined; includeInIndex = 0; };
		5E92B5D6B8B24E0A8AE138D0 /* Hind-Bold.ttf */ = {isa = PBXFileReference; name = "Hind-Bold.ttf"; path = "../assets/fonts/Hind-Bold.ttf"; sourceTree = "<group>"; fileEncoding = undefined; lastKnownFileType = unknown; explicitFileType = undefined; includeInIndex = 0; };
		96C163F565D44C9C8548F03E /* Hind-Light.ttf */ = {isa = PBXFileReference; name = "Hind-Light.ttf"; path = "../assets/fonts/Hind-Light.ttf"; sourceTree = "<group>"; fileEncoding = undefined; lastKnownFileType = unknown; explicitFileType = undefined; includeInIndex = 0; };
		29C62F6DEA9244CC950FFB18 /* Hind-Medium.ttf */ = {isa = PBXFileReference; name = "Hind-Medium.ttf"; path = "../assets/fonts/Hind-Medium.ttf"; sourceTree = "<group>"; fileEncoding = undefined; lastKnownFileType = unknown; explicitFileType = undefined; includeInIndex = 0; };
		157D478FABDF4F90B01803AB /* Hind-Regular.ttf */ = {isa = PBXFileReference; name = "Hind-Regular.ttf"; path = "../assets/fonts/Hind-Regular.ttf"; sourceTree = "<group>"; fileEncoding = undefined; lastKnownFileType = unknown; explicitFileType = undefined; includeInIndex = 0; };
		400BF51FBE91471BA31272D3 /* Hind-SemiBold.ttf */ = {isa = PBXFileReference; name = "Hind-SemiBold.ttf"; path = "../assets/fonts/Hind-SemiBold.ttf"; sourceTree = "<group>"; fileEncoding = undefined; lastKnownFileType = unknown; explicitFileType = undefined; includeInIndex = 0; };
		C0D0BC8A85664DA4B738D722 /* Montserrat-Italic-VariableFont_wght.ttf */ = {isa = PBXFileReference; name = "Montserrat-Italic-VariableFont_wght.ttf"; path = "../assets/fonts/Montserrat-Italic-VariableFont_wght.ttf"; sourceTree = "<group>"; fileEncoding = undefined; lastKnownFileType = unknown; explicitFileType = undefined; includeInIndex = 0; };
		8A156E4C3C98461AB6F84B11 /* Montserrat-VariableFont_wght.ttf */ = {isa = PBXFileReference; name = "Montserrat-VariableFont_wght.ttf"; path = "../assets/fonts/Montserrat-VariableFont_wght.ttf"; sourceTree = "<group>"; fileEncoding = undefined; lastKnownFileType = unknown; explicitFileType = undefined; includeInIndex = 0; };
		DA71604309404B8887462933 /* Oswald-VariableFont_wght.ttf */ = {isa = PBXFileReference; name = "Oswald-VariableFont_wght.ttf"; path = "../assets/fonts/Oswald-VariableFont_wght.ttf"; sourceTree = "<group>"; fileEncoding = undefined; lastKnownFileType = unknown; explicitFileType = undefined; includeInIndex = 0; };
		5BD8E6F4165B41639F935952 /* Pacifico-Regular.ttf */ = {isa = PBXFileReference; name = "Pacifico-Regular.ttf"; path = "../assets/fonts/Pacifico-Regular.ttf"; sourceTree = "<group>"; fileEncoding = undefined; lastKnownFileType = unknown; explicitFileType = undefined; includeInIndex = 0; };
		412A98E6DE5A45E79D734E89 /* PoiretOne-Regular.ttf */ = {isa = PBXFileReference; name = "PoiretOne-Regular.ttf"; path = "../assets/fonts/PoiretOne-Regular.ttf"; sourceTree = "<group>"; fileEncoding = undefined; lastKnownFileType = unknown; explicitFileType = undefined; includeInIndex = 0; };
		6F8A75A6364E4B9A9C1B15D0 /* Quicksand-VariableFont_wght.ttf */ = {isa = PBXFileReference; name = "Quicksand-VariableFont_wght.ttf"; path = "../assets/fonts/Quicksand-VariableFont_wght.ttf"; sourceTree = "<group>"; fileEncoding = undefined; lastKnownFileType = unknown; explicitFileType = undefined; includeInIndex = 0; };
		F0FBF69767BB4E2CA5590535 /* Rajdhani-Bold.ttf */ = {isa = PBXFileReference; name = "Rajdhani-Bold.ttf"; path = "../assets/fonts/Rajdhani-Bold.ttf"; sourceTree = "<group>"; fileEncoding = undefined; lastKnownFileType = unknown; explicitFileType = undefined; includeInIndex = 0; };
		99D949327EA5451AB89483E2 /* Rajdhani-Light.ttf */ = {isa = PBXFileReference; name = "Rajdhani-Light.ttf"; path = "../assets/fonts/Rajdhani-Light.ttf"; sourceTree = "<group>"; fileEncoding = undefined; lastKnownFileType = unknown; explicitFileType = undefined; includeInIndex = 0; };
		51C9F3910E9647C2BADE3CCC /* Rajdhani-Medium.ttf */ = {isa = PBXFileReference; name = "Rajdhani-Medium.ttf"; path = "../assets/fonts/Rajdhani-Medium.ttf"; sourceTree = "<group>"; fileEncoding = undefined; lastKnownFileType = unknown; explicitFileType = undefined; includeInIndex = 0; };
		E42115DF2DD94EEE8FA6E442 /* Rajdhani-Regular.ttf */ = {isa = PBXFileReference; name = "Rajdhani-Regular.ttf"; path = "../assets/fonts/Rajdhani-Regular.ttf"; sourceTree = "<group>"; fileEncoding = undefined; lastKnownFileType = unknown; explicitFileType = undefined; includeInIndex = 0; };
		D43BD70BE1CA487993F6B84A /* Rajdhani-SemiBold.ttf */ = {isa = PBXFileReference; name = "Rajdhani-SemiBold.ttf"; path = "../assets/fonts/Rajdhani-SemiBold.ttf"; sourceTree = "<group>"; fileEncoding = undefined; lastKnownFileType = unknown; explicitFileType = undefined; includeInIndex = 0; };
		8BE4B1735E9649A09372B23D /* Righteous-Regular.ttf */ = {isa = PBXFileReference; name = "Righteous-Regular.ttf"; path = "../assets/fonts/Righteous-Regular.ttf"; sourceTree = "<group>"; fileEncoding = undefined; lastKnownFileType = unknown; explicitFileType = undefined; includeInIndex = 0; };
		E1F9A0E310F54EF99E69D3CD /* Roboto-Black.ttf */ = {isa = PBXFileReference; name = "Roboto-Black.ttf"; path = "../assets/fonts/Roboto-Black.ttf"; sourceTree = "<group>"; fileEncoding = undefined; lastKnownFileType = unknown; explicitFileType = undefined; includeInIndex = 0; };
		A617FBEC61984465B8E993FF /* Roboto-BlackItalic.ttf */ = {isa = PBXFileReference; name = "Roboto-BlackItalic.ttf"; path = "../assets/fonts/Roboto-BlackItalic.ttf"; sourceTree = "<group>"; fileEncoding = undefined; lastKnownFileType = unknown; explicitFileType = undefined; includeInIndex = 0; };
		5CE25F1AE6DB4D1287620B1E /* Roboto-Bold.ttf */ = {isa = PBXFileReference; name = "Roboto-Bold.ttf"; path = "../assets/fonts/Roboto-Bold.ttf"; sourceTree = "<group>"; fileEncoding = undefined; lastKnownFileType = unknown; explicitFileType = undefined; includeInIndex = 0; };
		5171AACB42574605831528BD /* Roboto-BoldItalic.ttf */ = {isa = PBXFileReference; name = "Roboto-BoldItalic.ttf"; path = "../assets/fonts/Roboto-BoldItalic.ttf"; sourceTree = "<group>"; fileEncoding = undefined; lastKnownFileType = unknown; explicitFileType = undefined; includeInIndex = 0; };
		65BD5EE615764BC0A60DB8E5 /* Roboto-Italic.ttf */ = {isa = PBXFileReference; name = "Roboto-Italic.ttf"; path = "../assets/fonts/Roboto-Italic.ttf"; sourceTree = "<group>"; fileEncoding = undefined; lastKnownFileType = unknown; explicitFileType = undefined; includeInIndex = 0; };
		E55280C0274D4FDDB7613D11 /* Roboto-Light.ttf */ = {isa = PBXFileReference; name = "Roboto-Light.ttf"; path = "../assets/fonts/Roboto-Light.ttf"; sourceTree = "<group>"; fileEncoding = undefined; lastKnownFileType = unknown; explicitFileType = undefined; includeInIndex = 0; };
		A527C6FF4D4947509744208B /* Roboto-LightItalic.ttf */ = {isa = PBXFileReference; name = "Roboto-LightItalic.ttf"; path = "../assets/fonts/Roboto-LightItalic.ttf"; sourceTree = "<group>"; fileEncoding = undefined; lastKnownFileType = unknown; explicitFileType = undefined; includeInIndex = 0; };
		2D90C4C752DF4E87BC356C7D /* Roboto-Medium.ttf */ = {isa = PBXFileReference; name = "Roboto-Medium.ttf"; path = "../assets/fonts/Roboto-Medium.ttf"; sourceTree = "<group>"; fileEncoding = undefined; lastKnownFileType = unknown; explicitFileType = undefined; includeInIndex = 0; };
		F419F06E240F4E4D88273A0E /* Roboto-MediumItalic.ttf */ = {isa = PBXFileReference; name = "Roboto-MediumItalic.ttf"; path = "../assets/fonts/Roboto-MediumItalic.ttf"; sourceTree = "<group>"; fileEncoding = undefined; lastKnownFileType = unknown; explicitFileType = undefined; includeInIndex = 0; };
		874A528E065C46D698AA0385 /* Roboto-Regular.ttf */ = {isa = PBXFileReference; name = "Roboto-Regular.ttf"; path = "../assets/fonts/Roboto-Regular.ttf"; sourceTree = "<group>"; fileEncoding = undefined; lastKnownFileType = unknown; explicitFileType = undefined; includeInIndex = 0; };
		23612DC2F2414CA3A5DD8516 /* Roboto-Thin.ttf */ = {isa = PBXFileReference; name = "Roboto-Thin.ttf"; path = "../assets/fonts/Roboto-Thin.ttf"; sourceTree = "<group>"; fileEncoding = undefined; lastKnownFileType = unknown; explicitFileType = undefined; includeInIndex = 0; };
		20B2BDE40BE842C7B36CF3F0 /* Roboto-ThinItalic.ttf */ = {isa = PBXFileReference; name = "Roboto-ThinItalic.ttf"; path = "../assets/fonts/Roboto-ThinItalic.ttf"; sourceTree = "<group>"; fileEncoding = undefined; lastKnownFileType = unknown; explicitFileType = undefined; includeInIndex = 0; };
		A7DB0B56F0A54291BDB92C7C /* SecularOne-Regular.ttf */ = {isa = PBXFileReference; name = "SecularOne-Regular.ttf"; path = "../assets/fonts/SecularOne-Regular.ttf"; sourceTree = "<group>"; fileEncoding = undefined; lastKnownFileType = unknown; explicitFileType = undefined; includeInIndex = 0; };
		035040EE0BB542F98E76C41B /* Tangerine-Bold.ttf */ = {isa = PBXFileReference; name = "Tangerine-Bold.ttf"; path = "../assets/fonts/Tangerine-Bold.ttf"; sourceTree = "<group>"; fileEncoding = undefined; lastKnownFileType = unknown; explicitFileType = undefined; includeInIndex = 0; };
		7E3D1276B9F04E788A9A0580 /* Tangerine-Regular.ttf */ = {isa = PBXFileReference; name = "Tangerine-Regular.ttf"; path = "../assets/fonts/Tangerine-Regular.ttf"; sourceTree = "<group>"; fileEncoding = undefined; lastKnownFileType = unknown; explicitFileType = undefined; includeInIndex = 0; };
		BC809E2A05C441199651A3AC /* WorkSans-Italic-VariableFont_wght.ttf */ = {isa = PBXFileReference; name = "WorkSans-Italic-VariableFont_wght.ttf"; path = "../assets/fonts/WorkSans-Italic-VariableFont_wght.ttf"; sourceTree = "<group>"; fileEncoding = undefined; lastKnownFileType = unknown; explicitFileType = undefined; includeInIndex = 0; };
		7BC7B513D8E94616B5E8570D /* WorkSans-VariableFont_wght.ttf */ = {isa = PBXFileReference; name = "WorkSans-VariableFont_wght.ttf"; path = "../assets/fonts/WorkSans-VariableFont_wght.ttf"; sourceTree = "<group>"; fileEncoding = undefined; lastKnownFileType = unknown; explicitFileType = undefined; includeInIndex = 0; };
/* End PBXFileReference section */

/* Begin PBXFrameworksBuildPhase section */
		00E356EB1AD99517003FC87E /* Frameworks */ = {
			isa = PBXFrameworksBuildPhase;
			buildActionMask = 2147483647;
			files = (
				7699B88040F8A987B510C191 /* libPods-axios-axiosTests.a in Frameworks */,
			);
			runOnlyForDeploymentPostprocessing = 0;
		};
		13B07F8C1A680F5B00A75B9A /* Frameworks */ = {
			isa = PBXFrameworksBuildPhase;
			buildActionMask = 2147483647;
			files = (
				0C80B921A6F3F58F76C31292 /* libPods-axios.a in Frameworks */,
			);
			runOnlyForDeploymentPostprocessing = 0;
		};
/* End PBXFrameworksBuildPhase section */

/* Begin PBXGroup section */
		00E356EF1AD99517003FC87E /* axiosTests */ = {
			isa = PBXGroup;
			children = (
				00E356F21AD99517003FC87E /* axiosTests.m */,
				00E356F01AD99517003FC87E /* Supporting Files */,
			);
			path = axiosTests;
			sourceTree = "<group>";
		};
		00E356F01AD99517003FC87E /* Supporting Files */ = {
			isa = PBXGroup;
			children = (
				00E356F11AD99517003FC87E /* Info.plist */,
			);
			name = "Supporting Files";
			sourceTree = "<group>";
		};
		13B07FAE1A68108700A75B9A /* axios */ = {
			isa = PBXGroup;
			children = (
				13B07FAF1A68108700A75B9A /* AppDelegate.h */,
				13B07FB01A68108700A75B9A /* AppDelegate.mm */,
				13B07FB51A68108700A75B9A /* Images.xcassets */,
				13B07FB61A68108700A75B9A /* Info.plist */,
				81AB9BB72411601600AC10FF /* LaunchScreen.storyboard */,
				13B07FB71A68108700A75B9A /* main.m */,
			);
			name = axios;
			sourceTree = "<group>";
		};
		2D16E6871FA4F8E400B85C8A /* Frameworks */ = {
			isa = PBXGroup;
			children = (
				ED297162215061F000B7C4FE /* JavaScriptCore.framework */,
				5DCACB8F33CDC322A6C60F78 /* libPods-axios.a */,
				19F6CBCC0A4E27FBF8BF4A61 /* libPods-axios-axiosTests.a */,
			);
			name = Frameworks;
			sourceTree = "<group>";
		};
		832341AE1AAA6A7D00B99B32 /* Libraries */ = {
			isa = PBXGroup;
			children = (
			);
			name = Libraries;
			sourceTree = "<group>";
		};
		83CBB9F61A601CBA00E9B192 = {
			isa = PBXGroup;
			children = (
				13B07FAE1A68108700A75B9A /* axios */,
				832341AE1AAA6A7D00B99B32 /* Libraries */,
				00E356EF1AD99517003FC87E /* axiosTests */,
				83CBBA001A601CBA00E9B192 /* Products */,
				2D16E6871FA4F8E400B85C8A /* Frameworks */,
				BBD78D7AC51CEA395F1C20DB /* Pods */,
				511E213631284762B3DC545A /* Resources */,
			);
			indentWidth = 2;
			sourceTree = "<group>";
			tabWidth = 2;
			usesTabs = 0;
		};
		83CBBA001A601CBA00E9B192 /* Products */ = {
			isa = PBXGroup;
			children = (
				13B07F961A680F5B00A75B9A /* axios.app */,
				00E356EE1AD99517003FC87E /* axiosTests.xctest */,
			);
			name = Products;
			sourceTree = "<group>";
		};
		BBD78D7AC51CEA395F1C20DB /* Pods */ = {
			isa = PBXGroup;
			children = (
				3B4392A12AC88292D35C810B /* Pods-axios.debug.xcconfig */,
				5709B34CF0A7D63546082F79 /* Pods-axios.release.xcconfig */,
				5B7EB9410499542E8C5724F5 /* Pods-axios-axiosTests.debug.xcconfig */,
				89C6BE57DB24E9ADA2F236DE /* Pods-axios-axiosTests.release.xcconfig */,
			);
			path = Pods;
			sourceTree = "<group>";
		};
		511E213631284762B3DC545A /* Resources */ = {
			isa = "PBXGroup";
			children = (
				EFD455321A1F44B59626B718 /* AmaticSC-Bold.ttf */,
				21AC84E3C83D4EF085A7B210 /* AmaticSC-Regular.ttf */,
				A25C84C3939043578945CD40 /* AntDesign.ttf */,
				2A8CECCD2F534CE596183760 /* ArchitectsDaughter-Regular.ttf */,
				4F872C901C694D6184A070F8 /* AreYouSerious-Regular.ttf */,
				37ABF57DC3DB4F8EB1FD983B /* BonheurRoyale-Regular.ttf */,
				1AE714B7DBFE4BF597E71CFE /* Dosis-VariableFont_wght.ttf */,
				D0A7E28BEFE3490B89787920 /* Entypo.ttf */,
				023CDE14711249D690D11527 /* EvilIcons.ttf */,
				2D5B47D9C4F54715A6CEDE03 /* Feather.ttf */,
				A933E92F77004717B3274AB7 /* FontAwesome.ttf */,
				3C3F91EB0C66469D9A5AA3D7 /* FontAwesome5_Brands.ttf */,
				8939FC13044F4B4CBF98A9F9 /* FontAwesome5_Regular.ttf */,
				F3013D62D8804C35B4FA4E1F /* FontAwesome5_Solid.ttf */,
				FB3BA3D0AA0245EAAC84196A /* Fontisto.ttf */,
				9C05F97F9F3B4D6FBE2048E5 /* Foundation.ttf */,
				BB64C17195A94406B38EA0FD /* Ionicons.ttf */,
				ACCA2FD9244147839CCC73E3 /* LibreBarcode128Text-Regular.ttf */,
				06CA23320A8A4CB6A21ED883 /* LondrinaShadow-Regular.ttf */,
				B2F78FAA024145D79B15D713 /* Macondo-Regular.ttf */,
				092AA4E34F104B99A63744F7 /* MaterialCommunityIcons.ttf */,
				4F55AA2958784013B9615E0A /* MaterialIcons.ttf */,
				D115E02E66B9403D8BD22132 /* NotoSans-Bold.ttf */,
				A44DBF8E253344B49782B675 /* NotoSans-BoldItalic.ttf */,
				7B2130A672AF4CE382FBB822 /* NotoSans-Italic.ttf */,
				05455BDE426C4937BF5D6AE1 /* NotoSans-Regular.ttf */,
				E645D44ED5E143D2939A3383 /* NovaMono-Regular.ttf */,
				89FCF880A60A47AFB5C78E81 /* Nunito-Black.ttf */,
				EFB15C8E9FA7439FBAE01126 /* Nunito-BlackItalic.ttf */,
				9C8DFF91D7454A3D8545435D /* Nunito-Bold.ttf */,
				E6B8E4AC489E429AB5F28FE8 /* Nunito-BoldItalic.ttf */,
				565F23F49D29470DBE845F77 /* Nunito-ExtraBold.ttf */,
				56D8D07C5D36491DAE1F88CB /* Nunito-ExtraBoldItalic.ttf */,
				01126B72036C40648407CB83 /* Nunito-ExtraLight.ttf */,
				92D552067AEA4A728966D1EA /* Nunito-ExtraLightItalic.ttf */,
				65F5B67C87D947D09483CE98 /* Nunito-Italic.ttf */,
				406E12C4FE214C189751F2F6 /* Nunito-Light.ttf */,
				AC2A7AAC2BF547E985FC7E2A /* Nunito-LightItalic.ttf */,
				23A9C0F9A6724D1D99B38AA3 /* Nunito-Regular.ttf */,
				E6AD18D581DC4279B01A4150 /* Nunito-SemiBold.ttf */,
				056708E71928428DA495248C /* Nunito-SemiBoldItalic.ttf */,
				F3F331219E664936B6F7AA93 /* Octicons.ttf */,
				84ACCA2FF5BD4F4AA6FAC97A /* OpenSansCondensed-Bold.ttf */,
				0DC898B3955A459E893B9EA5 /* OpenSansCondensed-Light.ttf */,
				86EFE10581BC4993BEF9D7D8 /* OpenSansCondensed-LightItalic.ttf */,
				78400D4228454325B2354B20 /* PatrickHand-Regular.ttf */,
				A0A7B79C8490412495B60723 /* PatrickHandSC-Regular.ttf */,
				7B8C34B2DC084057A890F014 /* PingFang SC Regular.ttf */,
				0B6D73C8DADF4DDF83643046 /* PontanoSans-Regular.ttf */,
				E65E533274244658AE10B3AC /* Sacramento-Regular.ttf */,
				A3254CCE06F54D6A825FB5AB /* SairaCondensed-Black.ttf */,
				73162A8921384001851AE119 /* SairaCondensed-Bold.ttf */,
				B5DA7860E3CE4812A59B51EA /* SairaCondensed-ExtraBold.ttf */,
				1B341DA0BBB5470FB60325CE /* SairaCondensed-ExtraLight.ttf */,
				D563D5A37A534143A371AB07 /* SairaCondensed-Light.ttf */,
				FDEF6D6BDDA44593977B855F /* SairaCondensed-Medium.ttf */,
				37993F9BFCEB4BADAEDF99A4 /* SairaCondensed-Regular.ttf */,
				2ECE40FDF34D4A079829527B /* SairaCondensed-SemiBold.ttf */,
				540F848F51494D06BE036BC7 /* SairaCondensed-Thin.ttf */,
				1261C8BA192442FEA4727591 /* Satisfy-Regular.ttf */,
				7B567BC2A6D748AF96473582 /* SimpleLineIcons.ttf */,
				0D15698598434ACB94325085 /* Snippet-Regular.ttf */,
				52691403ED5842BB9FBEF894 /* Zocial.ttf */,
				AA6F569F3ACA4D47AAD65904 /* areyouserious.ttf */,
				2ED9991EC7AD4C6E87279886 /* materialcommunityIcons.ttf */,
				57871B327D974FCFBCAC5088 /* opensanscondensedbold.ttf */,
				1A0C309C908D404C9CB30F64 /* AdventPro-Bold.ttf */,
				C3C8E4F48DD74D63A8919410 /* AdventPro-ExtraLight.ttf */,
				F918E6580C9E4E23BF7CE5C2 /* AdventPro-Light.ttf */,
				7F95BAE4B4A14846A5D3C10F /* AdventPro-Medium.ttf */,
				2F376A1E5D944CA780667923 /* AdventPro-Regular.ttf */,
				0D6F785D866F48B7ADE597CE /* AdventPro-SemiBold.ttf */,
				FEFB853C7067487EBE660D41 /* AdventPro-Thin.ttf */,
				AF2206C52E2048B6939555FE /* EduVICWANTBeginner-VariableFont_wght.ttf */,
				E2B779C0CC1B40F8AB9CC9B9 /* FredokaOne-Regular.ttf */,
				5E92B5D6B8B24E0A8AE138D0 /* Hind-Bold.ttf */,
				96C163F565D44C9C8548F03E /* Hind-Light.ttf */,
				29C62F6DEA9244CC950FFB18 /* Hind-Medium.ttf */,
				157D478FABDF4F90B01803AB /* Hind-Regular.ttf */,
				400BF51FBE91471BA31272D3 /* Hind-SemiBold.ttf */,
				C0D0BC8A85664DA4B738D722 /* Montserrat-Italic-VariableFont_wght.ttf */,
				8A156E4C3C98461AB6F84B11 /* Montserrat-VariableFont_wght.ttf */,
				DA71604309404B8887462933 /* Oswald-VariableFont_wght.ttf */,
				5BD8E6F4165B41639F935952 /* Pacifico-Regular.ttf */,
				412A98E6DE5A45E79D734E89 /* PoiretOne-Regular.ttf */,
				6F8A75A6364E4B9A9C1B15D0 /* Quicksand-VariableFont_wght.ttf */,
				F0FBF69767BB4E2CA5590535 /* Rajdhani-Bold.ttf */,
				99D949327EA5451AB89483E2 /* Rajdhani-Light.ttf */,
				51C9F3910E9647C2BADE3CCC /* Rajdhani-Medium.ttf */,
				E42115DF2DD94EEE8FA6E442 /* Rajdhani-Regular.ttf */,
				D43BD70BE1CA487993F6B84A /* Rajdhani-SemiBold.ttf */,
				8BE4B1735E9649A09372B23D /* Righteous-Regular.ttf */,
				E1F9A0E310F54EF99E69D3CD /* Roboto-Black.ttf */,
				A617FBEC61984465B8E993FF /* Roboto-BlackItalic.ttf */,
				5CE25F1AE6DB4D1287620B1E /* Roboto-Bold.ttf */,
				5171AACB42574605831528BD /* Roboto-BoldItalic.ttf */,
				65BD5EE615764BC0A60DB8E5 /* Roboto-Italic.ttf */,
				E55280C0274D4FDDB7613D11 /* Roboto-Light.ttf */,
				A527C6FF4D4947509744208B /* Roboto-LightItalic.ttf */,
				2D90C4C752DF4E87BC356C7D /* Roboto-Medium.ttf */,
				F419F06E240F4E4D88273A0E /* Roboto-MediumItalic.ttf */,
				874A528E065C46D698AA0385 /* Roboto-Regular.ttf */,
				23612DC2F2414CA3A5DD8516 /* Roboto-Thin.ttf */,
				20B2BDE40BE842C7B36CF3F0 /* Roboto-ThinItalic.ttf */,
				A7DB0B56F0A54291BDB92C7C /* SecularOne-Regular.ttf */,
				035040EE0BB542F98E76C41B /* Tangerine-Bold.ttf */,
				7E3D1276B9F04E788A9A0580 /* Tangerine-Regular.ttf */,
				BC809E2A05C441199651A3AC /* WorkSans-Italic-VariableFont_wght.ttf */,
				7BC7B513D8E94616B5E8570D /* WorkSans-VariableFont_wght.ttf */,
			);
			name = Resources;
			sourceTree = "<group>";
			path = "";
		};
/* End PBXGroup section */

/* Begin PBXNativeTarget section */
		00E356ED1AD99517003FC87E /* axiosTests */ = {
			isa = PBXNativeTarget;
			buildConfigurationList = 00E357021AD99517003FC87E /* Build configuration list for PBXNativeTarget "axiosTests" */;
			buildPhases = (
				A55EABD7B0C7F3A422A6CC61 /* [CP] Check Pods Manifest.lock */,
				00E356EA1AD99517003FC87E /* Sources */,
				00E356EB1AD99517003FC87E /* Frameworks */,
				00E356EC1AD99517003FC87E /* Resources */,
				C59DA0FBD6956966B86A3779 /* [CP] Embed Pods Frameworks */,
				F6A41C54EA430FDDC6A6ED99 /* [CP] Copy Pods Resources */,
			);
			buildRules = (
			);
			dependencies = (
				00E356F51AD99517003FC87E /* PBXTargetDependency */,
			);
			name = axiosTests;
			productName = axiosTests;
			productReference = 00E356EE1AD99517003FC87E /* axiosTests.xctest */;
			productType = "com.apple.product-type.bundle.unit-test";
		};
		13B07F861A680F5B00A75B9A /* axios */ = {
			isa = PBXNativeTarget;
			buildConfigurationList = 13B07F931A680F5B00A75B9A /* Build configuration list for PBXNativeTarget "axios" */;
			buildPhases = (
				C38B50BA6285516D6DCD4F65 /* [CP] Check Pods Manifest.lock */,
				FD10A7F022414F080027D42C /* Start Packager */,
				13B07F871A680F5B00A75B9A /* Sources */,
				13B07F8C1A680F5B00A75B9A /* Frameworks */,
				13B07F8E1A680F5B00A75B9A /* Resources */,
				00DD1BFF1BD5951E006B06BC /* Bundle React Native code and images */,
				00EEFC60759A1932668264C0 /* [CP] Embed Pods Frameworks */,
				E235C05ADACE081382539298 /* [CP] Copy Pods Resources */,
			);
			buildRules = (
			);
			dependencies = (
			);
			name = axios;
			productName = axios;
			productReference = 13B07F961A680F5B00A75B9A /* axios.app */;
			productType = "com.apple.product-type.application";
		};
/* End PBXNativeTarget section */

/* Begin PBXProject section */
		83CBB9F71A601CBA00E9B192 /* Project object */ = {
			isa = PBXProject;
			attributes = {
				LastUpgradeCheck = 1210;
				TargetAttributes = {
					00E356ED1AD99517003FC87E = {
						CreatedOnToolsVersion = 6.2;
						TestTargetID = 13B07F861A680F5B00A75B9A;
					};
					13B07F861A680F5B00A75B9A = {
						LastSwiftMigration = 1120;
					};
				};
			};
			buildConfigurationList = 83CBB9FA1A601CBA00E9B192 /* Build configuration list for PBXProject "axios" */;
			compatibilityVersion = "Xcode 12.0";
			developmentRegion = en;
			hasScannedForEncodings = 0;
			knownRegions = (
				en,
				Base,
			);
			mainGroup = 83CBB9F61A601CBA00E9B192;
			productRefGroup = 83CBBA001A601CBA00E9B192 /* Products */;
			projectDirPath = "";
			projectRoot = "";
			targets = (
				13B07F861A680F5B00A75B9A /* axios */,
				00E356ED1AD99517003FC87E /* axiosTests */,
			);
		};
/* End PBXProject section */

/* Begin PBXResourcesBuildPhase section */
		00E356EC1AD99517003FC87E /* Resources */ = {
			isa = PBXResourcesBuildPhase;
			buildActionMask = 2147483647;
			files = (
			);
			runOnlyForDeploymentPostprocessing = 0;
		};
		13B07F8E1A680F5B00A75B9A /* Resources */ = {
			isa = PBXResourcesBuildPhase;
			buildActionMask = 2147483647;
			files = (
				81AB9BB82411601600AC10FF /* LaunchScreen.storyboard in Resources */,
				13B07FBF1A68108700A75B9A /* Images.xcassets in Resources */,
				4E8A133AF4AC4D08A57BF8ED /* AmaticSC-Bold.ttf in Resources */,
				2C404750FF39495FAAEEE1E8 /* AmaticSC-Regular.ttf in Resources */,
				2F79266AEC1C4726B86A07B0 /* AntDesign.ttf in Resources */,
				85075A926B834614BD1085E6 /* ArchitectsDaughter-Regular.ttf in Resources */,
				36D475E3B5C24A63A113603F /* AreYouSerious-Regular.ttf in Resources */,
				7694E874904D41099555E616 /* BonheurRoyale-Regular.ttf in Resources */,
				A5A07A29EB054F7395845DC5 /* Dosis-VariableFont_wght.ttf in Resources */,
				03A180CF96004675BB5D4E47 /* Entypo.ttf in Resources */,
				8EF8DB3232B744A0BA91D2F2 /* EvilIcons.ttf in Resources */,
				FF5D9C2426D0408E9FB13A4E /* Feather.ttf in Resources */,
				C36B9D4EA54545B0964C802E /* FontAwesome.ttf in Resources */,
				D8C90B46940D444F8D1CAD9C /* FontAwesome5_Brands.ttf in Resources */,
				AEC4DC9A96CF40D088B861C7 /* FontAwesome5_Regular.ttf in Resources */,
				16CC127B1C744875822FC0CF /* FontAwesome5_Solid.ttf in Resources */,
				ACF7087AEC3D49CD8B5170B6 /* Fontisto.ttf in Resources */,
				0DE2EA8BC2264B618AD21122 /* Foundation.ttf in Resources */,
				FA7E1B19A52C484EAEF00D30 /* Ionicons.ttf in Resources */,
				CC6C480EBD29429B965B59D4 /* LibreBarcode128Text-Regular.ttf in Resources */,
				927F5F099303477D863B5B20 /* LondrinaShadow-Regular.ttf in Resources */,
				C323FD50607D460189132BB8 /* Macondo-Regular.ttf in Resources */,
				BA7AA044FAF544B6BC2BEBA0 /* MaterialCommunityIcons.ttf in Resources */,
				160EF87528924717A2681C9E /* MaterialIcons.ttf in Resources */,
				EBB7D6700BCF4A9CA4F47508 /* NotoSans-Bold.ttf in Resources */,
				3B054D6D42AB403C97C93C13 /* NotoSans-BoldItalic.ttf in Resources */,
				887B5C1D8D504FE4B20E6F7B /* NotoSans-Italic.ttf in Resources */,
				DF2B7A12E20D40238FA5F912 /* NotoSans-Regular.ttf in Resources */,
				F4F93FE273E341198850D9E1 /* NovaMono-Regular.ttf in Resources */,
				B224EDF81DDB4D079423189C /* Nunito-Black.ttf in Resources */,
				503D46E7CCD042509EA08096 /* Nunito-BlackItalic.ttf in Resources */,
				9E266F7B63F64A649D20ABAA /* Nunito-Bold.ttf in Resources */,
				59BB5A66BCD344C195F07646 /* Nunito-BoldItalic.ttf in Resources */,
				3BEDEAFD66C541CEBB44A37F /* Nunito-ExtraBold.ttf in Resources */,
				DBD5ADA0B24845E0AA21EADB /* Nunito-ExtraBoldItalic.ttf in Resources */,
				65664BC0CBE84CB3A6359737 /* Nunito-ExtraLight.ttf in Resources */,
				4659552154DA4549A7CE9B9D /* Nunito-ExtraLightItalic.ttf in Resources */,
				F19BE2D4452D44A4B5564E3E /* Nunito-Italic.ttf in Resources */,
				14609A23C4DF4331B93EC8A9 /* Nunito-Light.ttf in Resources */,
				59C6FC2AA1784311B72915AE /* Nunito-LightItalic.ttf in Resources */,
				0154F3F0362647B79FC194B8 /* Nunito-Regular.ttf in Resources */,
				F300A4291A5E436F9BC8ECC3 /* Nunito-SemiBold.ttf in Resources */,
				53EDF05FB21D4536BF5145AC /* Nunito-SemiBoldItalic.ttf in Resources */,
				844B23E7132C40129630037E /* Octicons.ttf in Resources */,
				37492273B0AE4EBDAB42F336 /* OpenSansCondensed-Bold.ttf in Resources */,
				4E4BF8EA412843188D9B345E /* OpenSansCondensed-Light.ttf in Resources */,
				2A1C8C048602495297720E06 /* OpenSansCondensed-LightItalic.ttf in Resources */,
				E020D90947EB42F78291249F /* PatrickHand-Regular.ttf in Resources */,
				E7B7A81EB75F46A08709897C /* PatrickHandSC-Regular.ttf in Resources */,
				761778F9054448E597437872 /* PingFang SC Regular.ttf in Resources */,
				3ABFF146E62C4317960396BE /* PontanoSans-Regular.ttf in Resources */,
				9520DC5508A342A6993DA106 /* Sacramento-Regular.ttf in Resources */,
				DD80DE0E484F435EA205D6F5 /* SairaCondensed-Black.ttf in Resources */,
				E675F30AC45F4F9B9F1C3603 /* SairaCondensed-Bold.ttf in Resources */,
				CEEBC55AE049438B9219510F /* SairaCondensed-ExtraBold.ttf in Resources */,
				98BF01F17FF54692B18465B5 /* SairaCondensed-ExtraLight.ttf in Resources */,
				43E8F7FBFF5F44CCAE0CCA9E /* SairaCondensed-Light.ttf in Resources */,
				B3E67942762346ACB6016B7E /* SairaCondensed-Medium.ttf in Resources */,
				A8C3D863314544A4A8E99E1D /* SairaCondensed-Regular.ttf in Resources */,
				B7EB3CBC210D46CD9F956731 /* SairaCondensed-SemiBold.ttf in Resources */,
				1BC58CA43F39437C843C6467 /* SairaCondensed-Thin.ttf in Resources */,
				AF82B48B5B39418684E7755B /* Satisfy-Regular.ttf in Resources */,
				0F1730F994D146C0B46146A7 /* SimpleLineIcons.ttf in Resources */,
				E56B710E69B847B6A44F3D0C /* Snippet-Regular.ttf in Resources */,
				AF01B2BB0B2D424584C0D714 /* Zocial.ttf in Resources */,
				E2171777149140C98A69AD80 /* areyouserious.ttf in Resources */,
				75168026372A45F497A84AFA /* materialcommunityIcons.ttf in Resources */,
				9EBFBAE0A4AC44E9A63751B6 /* opensanscondensedbold.ttf in Resources */,
				6111CAD6118A4E109B797A5F /* AdventPro-Bold.ttf in Resources */,
				910365DBE87442D8BA999296 /* AdventPro-ExtraLight.ttf in Resources */,
				7252EAF6662E498AABB362A5 /* AdventPro-Light.ttf in Resources */,
				1399018251EF49B397E3A673 /* AdventPro-Medium.ttf in Resources */,
				EB887F5191AA4C43BF8BA781 /* AdventPro-Regular.ttf in Resources */,
				5106FCEF217046928B699248 /* AdventPro-SemiBold.ttf in Resources */,
				76F87218F3DB4545B4E3560F /* AdventPro-Thin.ttf in Resources */,
				99B3345BE7134F828DF0F86F /* EduVICWANTBeginner-VariableFont_wght.ttf in Resources */,
				B97B4D271056494FA8649277 /* FredokaOne-Regular.ttf in Resources */,
				5A7B3EE3FC154FCE9BB2C9FC /* Hind-Bold.ttf in Resources */,
				F66D78A1741F4A33916C8FED /* Hind-Light.ttf in Resources */,
				1759F6A4C62D456C9E8CBA7D /* Hind-Medium.ttf in Resources */,
				CBEBCBD5593D439F952A892C /* Hind-Regular.ttf in Resources */,
				DA57B27392CA44939E7525EE /* Hind-SemiBold.ttf in Resources */,
				21F3F603DF224439817F4658 /* Montserrat-Italic-VariableFont_wght.ttf in Resources */,
				56C640141515401AB5B47A57 /* Montserrat-VariableFont_wght.ttf in Resources */,
				8E32DF412085467DBD33C2C1 /* Oswald-VariableFont_wght.ttf in Resources */,
				5C21773D2E904CC5AB4CE73B /* Pacifico-Regular.ttf in Resources */,
				023F2402F8D048729250650D /* PoiretOne-Regular.ttf in Resources */,
				A5F966D9C52E4F8DB494EF93 /* Quicksand-VariableFont_wght.ttf in Resources */,
				7CDB5B3439914B3E9646679B /* Rajdhani-Bold.ttf in Resources */,
				565AB4A1AFC445F8AB562FF5 /* Rajdhani-Light.ttf in Resources */,
				7F459CE150B14857AA36FB4A /* Rajdhani-Medium.ttf in Resources */,
				D19427DB80E7416883F5D43E /* Rajdhani-Regular.ttf in Resources */,
				CA58E0F560A147069E5208F7 /* Rajdhani-SemiBold.ttf in Resources */,
				045FC25ACA6A4BCCBA19A9A7 /* Righteous-Regular.ttf in Resources */,
				B32188D5873D461F95C10D31 /* Roboto-Black.ttf in Resources */,
				691EC6F393A84BD88986F60F /* Roboto-BlackItalic.ttf in Resources */,
				8EFE7371CF794F65ADA0E7A5 /* Roboto-Bold.ttf in Resources */,
				675F4C5A89814F23AAAEE6C9 /* Roboto-BoldItalic.ttf in Resources */,
				B58558C2A71D46BABBC99C71 /* Roboto-Italic.ttf in Resources */,
				5C7484CB5685401FA0B3F5B1 /* Roboto-Light.ttf in Resources */,
				1D5B39A0650643E29608BCE7 /* Roboto-LightItalic.ttf in Resources */,
				90DD411CE89D409AB4A64EF0 /* Roboto-Medium.ttf in Resources */,
				47EF9009DEF24B74AD278C3B /* Roboto-MediumItalic.ttf in Resources */,
				5345AB5B336647D0AA8D8F00 /* Roboto-Regular.ttf in Resources */,
				EAD2BABC9FD040799C44160E /* Roboto-Thin.ttf in Resources */,
				E79415D16013428D8D98B08A /* Roboto-ThinItalic.ttf in Resources */,
				C0E9632D4C654E5B9E4ECCCA /* SecularOne-Regular.ttf in Resources */,
				6630F0AF22CB4E0DA97999B6 /* Tangerine-Bold.ttf in Resources */,
				2E6D9D6B95A341E69AE84F3C /* Tangerine-Regular.ttf in Resources */,
				024400AEBA5C48169ED00C02 /* WorkSans-Italic-VariableFont_wght.ttf in Resources */,
				906E1B3DA29E46D482432EFD /* WorkSans-VariableFont_wght.ttf in Resources */,
			);
			runOnlyForDeploymentPostprocessing = 0;
		};
/* End PBXResourcesBuildPhase section */

/* Begin PBXShellScriptBuildPhase section */
		00DD1BFF1BD5951E006B06BC /* Bundle React Native code and images */ = {
			isa = PBXShellScriptBuildPhase;
			buildActionMask = 2147483647;
			files = (
			);
			inputPaths = (
				"$(SRCROOT)/.xcode.env.local",
				"$(SRCROOT)/.xcode.env",
			);
			name = "Bundle React Native code and images";
			outputPaths = (
			);
			runOnlyForDeploymentPostprocessing = 0;
			shellPath = /bin/sh;
			shellScript = "set -e\n\nWITH_ENVIRONMENT=\"../node_modules/react-native/scripts/xcode/with-environment.sh\"\nREACT_NATIVE_XCODE=\"../node_modules/react-native/scripts/react-native-xcode.sh\"\n\n/bin/sh -c \"$WITH_ENVIRONMENT $REACT_NATIVE_XCODE\"\n";
		};
		00EEFC60759A1932668264C0 /* [CP] Embed Pods Frameworks */ = {
			isa = PBXShellScriptBuildPhase;
			buildActionMask = 2147483647;
			files = (
			);
			inputFileListPaths = (
				"${PODS_ROOT}/Target Support Files/Pods-axios/Pods-axios-frameworks-${CONFIGURATION}-input-files.xcfilelist",
			);
			name = "[CP] Embed Pods Frameworks";
			outputFileListPaths = (
				"${PODS_ROOT}/Target Support Files/Pods-axios/Pods-axios-frameworks-${CONFIGURATION}-output-files.xcfilelist",
			);
			runOnlyForDeploymentPostprocessing = 0;
			shellPath = /bin/sh;
			shellScript = "\"${PODS_ROOT}/Target Support Files/Pods-axios/Pods-axios-frameworks.sh\"\n";
			showEnvVarsInLog = 0;
		};
		A55EABD7B0C7F3A422A6CC61 /* [CP] Check Pods Manifest.lock */ = {
			isa = PBXShellScriptBuildPhase;
			buildActionMask = 2147483647;
			files = (
			);
			inputFileListPaths = (
			);
			inputPaths = (
				"${PODS_PODFILE_DIR_PATH}/Podfile.lock",
				"${PODS_ROOT}/Manifest.lock",
			);
			name = "[CP] Check Pods Manifest.lock";
			outputFileListPaths = (
			);
			outputPaths = (
				"$(DERIVED_FILE_DIR)/Pods-axios-axiosTests-checkManifestLockResult.txt",
			);
			runOnlyForDeploymentPostprocessing = 0;
			shellPath = /bin/sh;
			shellScript = "diff \"${PODS_PODFILE_DIR_PATH}/Podfile.lock\" \"${PODS_ROOT}/Manifest.lock\" > /dev/null\nif [ $? != 0 ] ; then\n    # print error to STDERR\n    echo \"error: The sandbox is not in sync with the Podfile.lock. Run 'pod install' or update your CocoaPods installation.\" >&2\n    exit 1\nfi\n# This output is used by Xcode 'outputs' to avoid re-running this script phase.\necho \"SUCCESS\" > \"${SCRIPT_OUTPUT_FILE_0}\"\n";
			showEnvVarsInLog = 0;
		};
		C38B50BA6285516D6DCD4F65 /* [CP] Check Pods Manifest.lock */ = {
			isa = PBXShellScriptBuildPhase;
			buildActionMask = 2147483647;
			files = (
			);
			inputFileListPaths = (
			);
			inputPaths = (
				"${PODS_PODFILE_DIR_PATH}/Podfile.lock",
				"${PODS_ROOT}/Manifest.lock",
			);
			name = "[CP] Check Pods Manifest.lock";
			outputFileListPaths = (
			);
			outputPaths = (
				"$(DERIVED_FILE_DIR)/Pods-axios-checkManifestLockResult.txt",
			);
			runOnlyForDeploymentPostprocessing = 0;
			shellPath = /bin/sh;
			shellScript = "diff \"${PODS_PODFILE_DIR_PATH}/Podfile.lock\" \"${PODS_ROOT}/Manifest.lock\" > /dev/null\nif [ $? != 0 ] ; then\n    # print error to STDERR\n    echo \"error: The sandbox is not in sync with the Podfile.lock. Run 'pod install' or update your CocoaPods installation.\" >&2\n    exit 1\nfi\n# This output is used by Xcode 'outputs' to avoid re-running this script phase.\necho \"SUCCESS\" > \"${SCRIPT_OUTPUT_FILE_0}\"\n";
			showEnvVarsInLog = 0;
		};
		C59DA0FBD6956966B86A3779 /* [CP] Embed Pods Frameworks */ = {
			isa = PBXShellScriptBuildPhase;
			buildActionMask = 2147483647;
			files = (
			);
			inputFileListPaths = (
				"${PODS_ROOT}/Target Support Files/Pods-axios-axiosTests/Pods-axios-axiosTests-frameworks-${CONFIGURATION}-input-files.xcfilelist",
			);
			name = "[CP] Embed Pods Frameworks";
			outputFileListPaths = (
				"${PODS_ROOT}/Target Support Files/Pods-axios-axiosTests/Pods-axios-axiosTests-frameworks-${CONFIGURATION}-output-files.xcfilelist",
			);
			runOnlyForDeploymentPostprocessing = 0;
			shellPath = /bin/sh;
			shellScript = "\"${PODS_ROOT}/Target Support Files/Pods-axios-axiosTests/Pods-axios-axiosTests-frameworks.sh\"\n";
			showEnvVarsInLog = 0;
		};
		E235C05ADACE081382539298 /* [CP] Copy Pods Resources */ = {
			isa = PBXShellScriptBuildPhase;
			buildActionMask = 2147483647;
			files = (
			);
			inputFileListPaths = (
				"${PODS_ROOT}/Target Support Files/Pods-axios/Pods-axios-resources-${CONFIGURATION}-input-files.xcfilelist",
			);
			name = "[CP] Copy Pods Resources";
			outputFileListPaths = (
				"${PODS_ROOT}/Target Support Files/Pods-axios/Pods-axios-resources-${CONFIGURATION}-output-files.xcfilelist",
			);
			runOnlyForDeploymentPostprocessing = 0;
			shellPath = /bin/sh;
			shellScript = "\"${PODS_ROOT}/Target Support Files/Pods-axios/Pods-axios-resources.sh\"\n";
			showEnvVarsInLog = 0;
		};
		F6A41C54EA430FDDC6A6ED99 /* [CP] Copy Pods Resources */ = {
			isa = PBXShellScriptBuildPhase;
			buildActionMask = 2147483647;
			files = (
			);
			inputFileListPaths = (
				"${PODS_ROOT}/Target Support Files/Pods-axios-axiosTests/Pods-axios-axiosTests-resources-${CONFIGURATION}-input-files.xcfilelist",
			);
			name = "[CP] Copy Pods Resources";
			outputFileListPaths = (
				"${PODS_ROOT}/Target Support Files/Pods-axios-axiosTests/Pods-axios-axiosTests-resources-${CONFIGURATION}-output-files.xcfilelist",
			);
			runOnlyForDeploymentPostprocessing = 0;
			shellPath = /bin/sh;
			shellScript = "\"${PODS_ROOT}/Target Support Files/Pods-axios-axiosTests/Pods-axios-axiosTests-resources.sh\"\n";
			showEnvVarsInLog = 0;
		};
		FD10A7F022414F080027D42C /* Start Packager */ = {
			isa = PBXShellScriptBuildPhase;
			buildActionMask = 2147483647;
			files = (
			);
			inputFileListPaths = (
			);
			inputPaths = (
			);
			name = "Start Packager";
			outputFileListPaths = (
			);
			outputPaths = (
			);
			runOnlyForDeploymentPostprocessing = 0;
			shellPath = /bin/sh;
			shellScript = "export RCT_METRO_PORT=\"${RCT_METRO_PORT:=8081}\"\necho \"export RCT_METRO_PORT=${RCT_METRO_PORT}\" > \"${SRCROOT}/../node_modules/react-native/scripts/.packager.env\"\nif [ -z \"${RCT_NO_LAUNCH_PACKAGER+xxx}\" ] ; then\n  if nc -w 5 -z localhost ${RCT_METRO_PORT} ; then\n    if ! curl -s \"http://localhost:${RCT_METRO_PORT}/status\" | grep -q \"packager-status:running\" ; then\n      echo \"Port ${RCT_METRO_PORT} already in use, packager is either not running or not running correctly\"\n      exit 2\n    fi\n  else\n    open \"$SRCROOT/../node_modules/react-native/scripts/launchPackager.command\" || echo \"Can't start packager automatically\"\n  fi\nfi\n";
			showEnvVarsInLog = 0;
		};
/* End PBXShellScriptBuildPhase section */

/* Begin PBXSourcesBuildPhase section */
		00E356EA1AD99517003FC87E /* Sources */ = {
			isa = PBXSourcesBuildPhase;
			buildActionMask = 2147483647;
			files = (
				00E356F31AD99517003FC87E /* axiosTests.m in Sources */,
			);
			runOnlyForDeploymentPostprocessing = 0;
		};
		13B07F871A680F5B00A75B9A /* Sources */ = {
			isa = PBXSourcesBuildPhase;
			buildActionMask = 2147483647;
			files = (
				13B07FBC1A68108700A75B9A /* AppDelegate.mm in Sources */,
				13B07FC11A68108700A75B9A /* main.m in Sources */,
			);
			runOnlyForDeploymentPostprocessing = 0;
		};
/* End PBXSourcesBuildPhase section */

/* Begin PBXTargetDependency section */
		00E356F51AD99517003FC87E /* PBXTargetDependency */ = {
			isa = PBXTargetDependency;
			target = 13B07F861A680F5B00A75B9A /* axios */;
			targetProxy = 00E356F41AD99517003FC87E /* PBXContainerItemProxy */;
		};
/* End PBXTargetDependency section */

/* Begin XCBuildConfiguration section */
		00E356F61AD99517003FC87E /* Debug */ = {
			isa = XCBuildConfiguration;
			baseConfigurationReference = 5B7EB9410499542E8C5724F5 /* Pods-axios-axiosTests.debug.xcconfig */;
			buildSettings = {
				BUNDLE_LOADER = "$(TEST_HOST)";
				GCC_PREPROCESSOR_DEFINITIONS = (
					"DEBUG=1",
					"$(inherited)",
				);
				INFOPLIST_FILE = axiosTests/Info.plist;
				IPHONEOS_DEPLOYMENT_TARGET = 12.4;
				LD_RUNPATH_SEARCH_PATHS = (
					"$(inherited)",
					"@executable_path/Frameworks",
					"@loader_path/Frameworks",
				);
				OTHER_LDFLAGS = (
					"-ObjC",
					"-lc++",
					"$(inherited)",
				);
				PRODUCT_BUNDLE_IDENTIFIER = "org.reactjs.native.example.$(PRODUCT_NAME:rfc1034identifier)";
				PRODUCT_NAME = "$(TARGET_NAME)";
				TEST_HOST = "$(BUILT_PRODUCTS_DIR)/axios.app/axios";
			};
			name = Debug;
		};
		00E356F71AD99517003FC87E /* Release */ = {
			isa = XCBuildConfiguration;
			baseConfigurationReference = 89C6BE57DB24E9ADA2F236DE /* Pods-axios-axiosTests.release.xcconfig */;
			buildSettings = {
				BUNDLE_LOADER = "$(TEST_HOST)";
				COPY_PHASE_STRIP = NO;
				INFOPLIST_FILE = axiosTests/Info.plist;
				IPHONEOS_DEPLOYMENT_TARGET = 12.4;
				LD_RUNPATH_SEARCH_PATHS = (
					"$(inherited)",
					"@executable_path/Frameworks",
					"@loader_path/Frameworks",
				);
				OTHER_LDFLAGS = (
					"-ObjC",
					"-lc++",
					"$(inherited)",
				);
				PRODUCT_BUNDLE_IDENTIFIER = "org.reactjs.native.example.$(PRODUCT_NAME:rfc1034identifier)";
				PRODUCT_NAME = "$(TARGET_NAME)";
				TEST_HOST = "$(BUILT_PRODUCTS_DIR)/axios.app/axios";
			};
			name = Release;
		};
		13B07F941A680F5B00A75B9A /* Debug */ = {
			isa = XCBuildConfiguration;
			baseConfigurationReference = 3B4392A12AC88292D35C810B /* Pods-axios.debug.xcconfig */;
			buildSettings = {
				ASSETCATALOG_COMPILER_APPICON_NAME = AppIcon;
				CLANG_ENABLE_MODULES = YES;
				CURRENT_PROJECT_VERSION = 1;
				ENABLE_BITCODE = NO;
				INFOPLIST_FILE = axios/Info.plist;
				LD_RUNPATH_SEARCH_PATHS = (
					"$(inherited)",
					"@executable_path/Frameworks",
				);
				OTHER_LDFLAGS = (
					"$(inherited)",
					"-ObjC",
					"-lc++",
				);
				PRODUCT_BUNDLE_IDENTIFIER = "org.reactjs.native.example.$(PRODUCT_NAME:rfc1034identifier)";
				PRODUCT_NAME = axios;
				SWIFT_OPTIMIZATION_LEVEL = "-Onone";
				SWIFT_VERSION = 5.0;
				VERSIONING_SYSTEM = "apple-generic";
			};
			name = Debug;
		};
		13B07F951A680F5B00A75B9A /* Release */ = {
			isa = XCBuildConfiguration;
			baseConfigurationReference = 5709B34CF0A7D63546082F79 /* Pods-axios.release.xcconfig */;
			buildSettings = {
				ASSETCATALOG_COMPILER_APPICON_NAME = AppIcon;
				CLANG_ENABLE_MODULES = YES;
				CURRENT_PROJECT_VERSION = 1;
				INFOPLIST_FILE = axios/Info.plist;
				LD_RUNPATH_SEARCH_PATHS = (
					"$(inherited)",
					"@executable_path/Frameworks",
				);
				OTHER_LDFLAGS = (
					"$(inherited)",
					"-ObjC",
					"-lc++",
				);
				PRODUCT_BUNDLE_IDENTIFIER = "org.reactjs.native.example.$(PRODUCT_NAME:rfc1034identifier)";
				PRODUCT_NAME = axios;
				SWIFT_VERSION = 5.0;
				VERSIONING_SYSTEM = "apple-generic";
			};
			name = Release;
		};
		83CBBA201A601CBA00E9B192 /* Debug */ = {
			isa = XCBuildConfiguration;
			buildSettings = {
				ALWAYS_SEARCH_USER_PATHS = NO;
				CLANG_ANALYZER_LOCALIZABILITY_NONLOCALIZED = YES;
				CLANG_CXX_LANGUAGE_STANDARD = "c++17";
				CLANG_CXX_LIBRARY = "libc++";
				CLANG_ENABLE_MODULES = YES;
				CLANG_ENABLE_OBJC_ARC = YES;
				CLANG_WARN_BLOCK_CAPTURE_AUTORELEASING = YES;
				CLANG_WARN_BOOL_CONVERSION = YES;
				CLANG_WARN_COMMA = YES;
				CLANG_WARN_CONSTANT_CONVERSION = YES;
				CLANG_WARN_DEPRECATED_OBJC_IMPLEMENTATIONS = YES;
				CLANG_WARN_DIRECT_OBJC_ISA_USAGE = YES_ERROR;
				CLANG_WARN_EMPTY_BODY = YES;
				CLANG_WARN_ENUM_CONVERSION = YES;
				CLANG_WARN_INFINITE_RECURSION = YES;
				CLANG_WARN_INT_CONVERSION = YES;
				CLANG_WARN_NON_LITERAL_NULL_CONVERSION = YES;
				CLANG_WARN_OBJC_IMPLICIT_RETAIN_SELF = YES;
				CLANG_WARN_OBJC_LITERAL_CONVERSION = YES;
				CLANG_WARN_OBJC_ROOT_CLASS = YES_ERROR;
				CLANG_WARN_QUOTED_INCLUDE_IN_FRAMEWORK_HEADER = YES;
				CLANG_WARN_RANGE_LOOP_ANALYSIS = YES;
				CLANG_WARN_STRICT_PROTOTYPES = YES;
				CLANG_WARN_SUSPICIOUS_MOVE = YES;
				CLANG_WARN_UNREACHABLE_CODE = YES;
				CLANG_WARN__DUPLICATE_METHOD_MATCH = YES;
				"CODE_SIGN_IDENTITY[sdk=iphoneos*]" = "iPhone Developer";
				COPY_PHASE_STRIP = NO;
				ENABLE_STRICT_OBJC_MSGSEND = YES;
				ENABLE_TESTABILITY = YES;
				"EXCLUDED_ARCHS[sdk=iphonesimulator*]" = "";
				GCC_C_LANGUAGE_STANDARD = gnu99;
				GCC_DYNAMIC_NO_PIC = NO;
				GCC_NO_COMMON_BLOCKS = YES;
				GCC_OPTIMIZATION_LEVEL = 0;
				GCC_PREPROCESSOR_DEFINITIONS = (
					"DEBUG=1",
					"$(inherited)",
				);
				GCC_SYMBOLS_PRIVATE_EXTERN = NO;
				GCC_WARN_64_TO_32_BIT_CONVERSION = YES;
				GCC_WARN_ABOUT_RETURN_TYPE = YES_ERROR;
				GCC_WARN_UNDECLARED_SELECTOR = YES;
				GCC_WARN_UNINITIALIZED_AUTOS = YES_AGGRESSIVE;
				GCC_WARN_UNUSED_FUNCTION = YES;
				GCC_WARN_UNUSED_VARIABLE = YES;
				IPHONEOS_DEPLOYMENT_TARGET = 12.4;
				LD_RUNPATH_SEARCH_PATHS = (
					/usr/lib/swift,
					"$(inherited)",
				);
				LIBRARY_SEARCH_PATHS = (
					"\"$(SDKROOT)/usr/lib/swift\"",
					"\"$(TOOLCHAIN_DIR)/usr/lib/swift/$(PLATFORM_NAME)\"",
					"\"$(inherited)\"",
				);
				MTL_ENABLE_DEBUG_INFO = YES;
				ONLY_ACTIVE_ARCH = YES;
				OTHER_CPLUSPLUSFLAGS = (
					"$(OTHER_CFLAGS)",
					"-DFOLLY_NO_CONFIG",
					"-DFOLLY_MOBILE=1",
					"-DFOLLY_USE_LIBCPP=1",
				);
				REACT_NATIVE_PATH = "${PODS_ROOT}/../../node_modules/react-native";
				SDKROOT = iphoneos;
			};
			name = Debug;
		};
		83CBBA211A601CBA00E9B192 /* Release */ = {
			isa = XCBuildConfiguration;
			buildSettings = {
				ALWAYS_SEARCH_USER_PATHS = NO;
				CLANG_ANALYZER_LOCALIZABILITY_NONLOCALIZED = YES;
				CLANG_CXX_LANGUAGE_STANDARD = "c++17";
				CLANG_CXX_LIBRARY = "libc++";
				CLANG_ENABLE_MODULES = YES;
				CLANG_ENABLE_OBJC_ARC = YES;
				CLANG_WARN_BLOCK_CAPTURE_AUTORELEASING = YES;
				CLANG_WARN_BOOL_CONVERSION = YES;
				CLANG_WARN_COMMA = YES;
				CLANG_WARN_CONSTANT_CONVERSION = YES;
				CLANG_WARN_DEPRECATED_OBJC_IMPLEMENTATIONS = YES;
				CLANG_WARN_DIRECT_OBJC_ISA_USAGE = YES_ERROR;
				CLANG_WARN_EMPTY_BODY = YES;
				CLANG_WARN_ENUM_CONVERSION = YES;
				CLANG_WARN_INFINITE_RECURSION = YES;
				CLANG_WARN_INT_CONVERSION = YES;
				CLANG_WARN_NON_LITERAL_NULL_CONVERSION = YES;
				CLANG_WARN_OBJC_IMPLICIT_RETAIN_SELF = YES;
				CLANG_WARN_OBJC_LITERAL_CONVERSION = YES;
				CLANG_WARN_OBJC_ROOT_CLASS = YES_ERROR;
				CLANG_WARN_QUOTED_INCLUDE_IN_FRAMEWORK_HEADER = YES;
				CLANG_WARN_RANGE_LOOP_ANALYSIS = YES;
				CLANG_WARN_STRICT_PROTOTYPES = YES;
				CLANG_WARN_SUSPICIOUS_MOVE = YES;
				CLANG_WARN_UNREACHABLE_CODE = YES;
				CLANG_WARN__DUPLICATE_METHOD_MATCH = YES;
				"CODE_SIGN_IDENTITY[sdk=iphoneos*]" = "iPhone Developer";
				COPY_PHASE_STRIP = YES;
				ENABLE_NS_ASSERTIONS = NO;
				ENABLE_STRICT_OBJC_MSGSEND = YES;
				"EXCLUDED_ARCHS[sdk=iphonesimulator*]" = "";
				GCC_C_LANGUAGE_STANDARD = gnu99;
				GCC_NO_COMMON_BLOCKS = YES;
				GCC_WARN_64_TO_32_BIT_CONVERSION = YES;
				GCC_WARN_ABOUT_RETURN_TYPE = YES_ERROR;
				GCC_WARN_UNDECLARED_SELECTOR = YES;
				GCC_WARN_UNINITIALIZED_AUTOS = YES_AGGRESSIVE;
				GCC_WARN_UNUSED_FUNCTION = YES;
				GCC_WARN_UNUSED_VARIABLE = YES;
				IPHONEOS_DEPLOYMENT_TARGET = 12.4;
				LD_RUNPATH_SEARCH_PATHS = (
					/usr/lib/swift,
					"$(inherited)",
				);
				LIBRARY_SEARCH_PATHS = (
					"\"$(SDKROOT)/usr/lib/swift\"",
					"\"$(TOOLCHAIN_DIR)/usr/lib/swift/$(PLATFORM_NAME)\"",
					"\"$(inherited)\"",
				);
				MTL_ENABLE_DEBUG_INFO = NO;
				OTHER_CPLUSPLUSFLAGS = (
					"$(OTHER_CFLAGS)",
					"-DFOLLY_NO_CONFIG",
					"-DFOLLY_MOBILE=1",
					"-DFOLLY_USE_LIBCPP=1",
				);
				REACT_NATIVE_PATH = "${PODS_ROOT}/../../node_modules/react-native";
				SDKROOT = iphoneos;
				VALIDATE_PRODUCT = YES;
			};
			name = Release;
		};
/* End XCBuildConfiguration section */

/* Begin XCConfigurationList section */
		00E357021AD99517003FC87E /* Build configuration list for PBXNativeTarget "axiosTests" */ = {
			isa = XCConfigurationList;
			buildConfigurations = (
				00E356F61AD99517003FC87E /* Debug */,
				00E356F71AD99517003FC87E /* Release */,
			);
			defaultConfigurationIsVisible = 0;
			defaultConfigurationName = Release;
		};
		13B07F931A680F5B00A75B9A /* Build configuration list for PBXNativeTarget "axios" */ = {
			isa = XCConfigurationList;
			buildConfigurations = (
				13B07F941A680F5B00A75B9A /* Debug */,
				13B07F951A680F5B00A75B9A /* Release */,
			);
			defaultConfigurationIsVisible = 0;
			defaultConfigurationName = Release;
		};
		83CBB9FA1A601CBA00E9B192 /* Build configuration list for PBXProject "axios" */ = {
			isa = XCConfigurationList;
			buildConfigurations = (
				83CBBA201A601CBA00E9B192 /* Debug */,
				83CBBA211A601CBA00E9B192 /* Release */,
			);
			defaultConfigurationIsVisible = 0;
			defaultConfigurationName = Release;
		};
/* End XCConfigurationList section */
	};
	rootObject = 83CBB9F71A601CBA00E9B192 /* Project object */;
}
